
Microsoft Visual Studio Solution File, Format Version 10.00
# Visual Studio 2008
Project("{2150E333-8FDC-42A3-9474-1A3956D46DE8}") = "Page Speed SDK", "Page Speed SDK", "{E9F8862F-DBA1-F931-DDF6-47BCF036F56E}"
EndProject
Project("{8BC9CEB8-8B4A-11D0-8D11-00A0C91BC942}") = "pagetest", "pagetest\pagetest.vcproj", "{2E9D9088-0986-47E6-85FF-449D865C73D3}"
	ProjectSection(ProjectDependencies) = postProject
		{5555B887-A140-49F5-AD7E-C711C4FB0C95} = {5555B887-A140-49F5-AD7E-C711C4FB0C95}
		{AA8E18A2-98D2-3873-6F2D-E71BC03422F5} = {AA8E18A2-98D2-3873-6F2D-E71BC03422F5}
		{15051CE1-AB10-4239-973D-01B84F2AD0A9} = {15051CE1-AB10-4239-973D-01B84F2AD0A9}
	EndProjectSection
EndProject
Project("{8BC9CEB8-8B4A-11D0-8D11-00A0C91BC942}") = "urlBlast", "urlBlast\urlBlast.vcproj", "{59C884FF-248B-4EF8-859D-D2864D425289}"
	ProjectSection(ProjectDependencies) = postProject
		{8423AF0D-4B88-4EBF-94E1-E4D00D00E21C} = {8423AF0D-4B88-4EBF-94E1-E4D00D00E21C}
	EndProjectSection
EndProject
Project("{54435603-DBB4-11D2-8724-00A0C9A8B90C}") = "Pagetest Installer", "Pagetest Installer\Pagetest Installer.vdproj", "{1EA045C5-21F1-45BE-AF41-2991AD377B41}"
EndProject
Project("{8BC9CEB8-8B4A-11D0-8D11-00A0C91BC942}") = "PageTestExe", "PageTestExe\PageTestExe.vcproj", "{675F04EA-AB15-453D-9E99-16CF0B1CB76B}"
	ProjectSection(ProjectDependencies) = postProject
		{5555B887-A140-49F5-AD7E-C711C4FB0C95} = {5555B887-A140-49F5-AD7E-C711C4FB0C95}
		{AA8E18A2-98D2-3873-6F2D-E71BC03422F5} = {AA8E18A2-98D2-3873-6F2D-E71BC03422F5}
		{15051CE1-AB10-4239-973D-01B84F2AD0A9} = {15051CE1-AB10-4239-973D-01B84F2AD0A9}
	EndProjectSection
EndProject
Project("{8BC9CEB8-8B4A-11D0-8D11-00A0C91BC942}") = "cdistorm", "pagetest\distorm\build\win32\cdistorm.vcproj", "{15051CE1-AB10-4239-973D-01B84F2AD0A9}"
EndProject
Project("{8BC9CEB8-8B4A-11D0-8D11-00A0C91BC942}") = "ptUpdate", "ptUpdate\ptUpdate.vcproj", "{3CD41F28-59EB-4B7B-9593-C36218C2B15F}"
EndProject
Project("{8BC9CEB8-8B4A-11D0-8D11-00A0C91BC942}") = "cares", "pagetest\c-ares\vc\cares\vc6cares.vcproj", "{5555B887-A140-49F5-AD7E-C711C4FB0C95}"
EndProject
Project("{8BC9CEB8-8B4A-11D0-8D11-00A0C91BC942}") = "base", "pagetest\PageSpeed\base\base.vcproj", "{1832A374-8A74-4F9E-B536-69A699B3E165}"
EndProject
Project("{8BC9CEB8-8B4A-11D0-8D11-00A0C91BC942}") = "googleurl", "pagetest\PageSpeed\build\temp_gyp\googleurl.vcproj", "{4D2BC45D-F97B-003C-C1C2-AD51D5DDEB28}"
EndProject
Project("{8BC9CEB8-8B4A-11D0-8D11-00A0C91BC942}") = "instaweb_htmlparse_core", "pagetest\PageSpeed\third_party\instaweb\src\net\instaweb\instaweb_htmlparse_core.vcproj", "{D4C040F1-409A-A6D3-3D5C-3AC051630EFA}"
EndProject
Project("{8BC9CEB8-8B4A-11D0-8D11-00A0C91BC942}") = "instaweb_rewriter_html", "pagetest\PageSpeed\third_party\instaweb\src\net\instaweb\instaweb_rewriter_html.vcproj", "{F137EE80-A1CD-BCB2-8C22-4A835DF07334}"
EndProject
Project("{8BC9CEB8-8B4A-11D0-8D11-00A0C91BC942}") = "instaweb_util_core", "pagetest\PageSpeed\third_party\instaweb\src\net\instaweb\instaweb_util_core.vcproj", "{73031845-BA75-63CC-CC05-C6D35FAC508A}"
EndProject
Project("{8BC9CEB8-8B4A-11D0-8D11-00A0C91BC942}") = "jsmin", "pagetest\PageSpeed\third_party\jsmin\jsmin.vcproj", "{F71C5891-8741-A0A3-250F-CFE46651FBE9}"
EndProject
Project("{8BC9CEB8-8B4A-11D0-8D11-00A0C91BC942}") = "libjpeg", "pagetest\PageSpeed\third_party\libjpeg\libjpeg.vcproj", "{238CE175-76CE-4A25-A676-69D115885601}"
EndProject
Project("{8BC9CEB8-8B4A-11D0-8D11-00A0C91BC942}") = "libjpeg_trans", "pagetest\PageSpeed\third_party\libjpeg_trans\libjpeg_trans.vcproj", "{F79E7D3B-D720-FAD6-B094-5B4BEC86516E}"
EndProject
Project("{8BC9CEB8-8B4A-11D0-8D11-00A0C91BC942}") = "libpng", "pagetest\PageSpeed\third_party\libpng\libpng.vcproj", "{C564F145-9172-42C3-BFCB-6014CA97DBCD}"
EndProject
Project("{8BC9CEB8-8B4A-11D0-8D11-00A0C91BC942}") = "net_base", "pagetest\PageSpeed\net\net_base.vcproj", "{9B6FAEE0-4CFD-8942-397F-500C5408D1AA}"
EndProject
Project("{8BC9CEB8-8B4A-11D0-8D11-00A0C91BC942}") = "opngreduc", "pagetest\PageSpeed\third_party\optipng\opngreduc.vcproj", "{46768FBC-80F7-BC4B-9F4F-F2C65C911DD5}"
EndProject
Project("{8BC9CEB8-8B4A-11D0-8D11-00A0C91BC942}") = "pagespeed_platform_ie_dom", "pagetest\PageSpeed\pagespeed\platform\pagespeed_platform_ie_dom.vcproj", "{159CFADD-0EA6-A611-47DB-C64EAFF0CE28}"
EndProject
Project("{8BC9CEB8-8B4A-11D0-8D11-00A0C91BC942}") = "pagespeed_core", "pagetest\PageSpeed\pagespeed\core\pagespeed_core.vcproj", "{287D3DF7-9904-C545-E468-982A98D76E98}"
EndProject
Project("{8BC9CEB8-8B4A-11D0-8D11-00A0C91BC942}") = "pagespeed_cssmin", "pagetest\PageSpeed\pagespeed\cssmin\pagespeed_cssmin.vcproj", "{CF57CCE4-86D1-99B1-4D0C-D40BC852CB0B}"
EndProject
Project("{8BC9CEB8-8B4A-11D0-8D11-00A0C91BC942}") = "pagespeed_formatters", "pagetest\PageSpeed\pagespeed\formatters\pagespeed_formatters.vcproj", "{CD5F3992-1C10-96CE-6223-684F640CEC30}"
EndProject
Project("{8BC9CEB8-8B4A-11D0-8D11-00A0C91BC942}") = "pagespeed_html", "pagetest\PageSpeed\pagespeed\html\pagespeed_html.vcproj", "{3E7C51C8-2615-F844-45BB-5675BF3BE11F}"
EndProject
Project("{8BC9CEB8-8B4A-11D0-8D11-00A0C91BC942}") = "pagespeed_image_attributes_factory", "pagetest\PageSpeed\pagespeed\image_compression\pagespeed_image_attributes_factory.vcproj", "{8A5CFC3B-EF50-BB19-2D69-B80740A4C777}"
EndProject
Project("{8BC9CEB8-8B4A-11D0-8D11-00A0C91BC942}") = "pagespeed_init", "pagetest\PageSpeed\pagespeed\core\pagespeed_init.vcproj", "{E42591A3-5BA1-890A-BCD4-941B345012F7}"
EndProject
Project("{8BC9CEB8-8B4A-11D0-8D11-00A0C91BC942}") = "pagespeed_jpeg_optimizer", "pagetest\PageSpeed\pagespeed\image_compression\pagespeed_jpeg_optimizer.vcproj", "{3FED74A6-2F71-33CE-A734-80AA2C1B05D3}"
EndProject
Project("{8BC9CEB8-8B4A-11D0-8D11-00A0C91BC942}") = "pagespeed_jpeg_reader", "pagetest\PageSpeed\pagespeed\image_compression\pagespeed_jpeg_reader.vcproj", "{C5075EDC-A10F-48E1-9057-3967F67EC9A1}"
EndProject
Project("{8BC9CEB8-8B4A-11D0-8D11-00A0C91BC942}") = "pagespeed_library", "pagetest\PageSpeed\pagespeed\pagespeed_library.vcproj", "{AA8E18A2-98D2-3873-6F2D-E71BC03422F5}"
	ProjectSection(ProjectDependencies) = postProject
		{1832A374-8A74-4F9E-B536-69A699B3E165} = {1832A374-8A74-4F9E-B536-69A699B3E165}
		{E42591A3-5BA1-890A-BCD4-941B345012F7} = {E42591A3-5BA1-890A-BCD4-941B345012F7}
		{CD5F3992-1C10-96CE-6223-684F640CEC30} = {CD5F3992-1C10-96CE-6223-684F640CEC30}
		{8A5CFC3B-EF50-BB19-2D69-B80740A4C777} = {8A5CFC3B-EF50-BB19-2D69-B80740A4C777}
		{4D2BC45D-F97B-003C-C1C2-AD51D5DDEB28} = {4D2BC45D-F97B-003C-C1C2-AD51D5DDEB28}
		{D4C040F1-409A-A6D3-3D5C-3AC051630EFA} = {D4C040F1-409A-A6D3-3D5C-3AC051630EFA}
		{73031845-BA75-63CC-CC05-C6D35FAC508A} = {73031845-BA75-63CC-CC05-C6D35FAC508A}
		{A3302B05-DBD9-B93A-13C5-0F6A2F01217F} = {A3302B05-DBD9-B93A-13C5-0F6A2F01217F}
		{287D3DF7-9904-C545-E468-982A98D76E98} = {287D3DF7-9904-C545-E468-982A98D76E98}
		{8B5730E6-8625-AC30-AD1F-F27A541E8096} = {8B5730E6-8625-AC30-AD1F-F27A541E8096}
		{C5075EDC-A10F-48E1-9057-3967F67EC9A1} = {C5075EDC-A10F-48E1-9057-3967F67EC9A1}
		{238CE175-76CE-4A25-A676-69D115885601} = {238CE175-76CE-4A25-A676-69D115885601}
		{AF235369-D4FC-C42B-F210-ED1A35CF089E} = {AF235369-D4FC-C42B-F210-ED1A35CF089E}
		{C564F145-9172-42C3-BFCB-6014CA97DBCD} = {C564F145-9172-42C3-BFCB-6014CA97DBCD}
		{8423AF0D-4B88-4EBF-94E1-E4D00D00E21C} = {8423AF0D-4B88-4EBF-94E1-E4D00D00E21C}
		{46768FBC-80F7-BC4B-9F4F-F2C65C911DD5} = {46768FBC-80F7-BC4B-9F4F-F2C65C911DD5}
		{EEABDAC4-410B-EE28-8B94-8F9F6D5ECEC0} = {EEABDAC4-410B-EE28-8B94-8F9F6D5ECEC0}
		{9B6FAEE0-4CFD-8942-397F-500C5408D1AA} = {9B6FAEE0-4CFD-8942-397F-500C5408D1AA}
		{F71C5891-8741-A0A3-250F-CFE46651FBE9} = {F71C5891-8741-A0A3-250F-CFE46651FBE9}
		{CF57CCE4-86D1-99B1-4D0C-D40BC852CB0B} = {CF57CCE4-86D1-99B1-4D0C-D40BC852CB0B}
		{3E7C51C8-2615-F844-45BB-5675BF3BE11F} = {3E7C51C8-2615-F844-45BB-5675BF3BE11F}
		{F137EE80-A1CD-BCB2-8C22-4A835DF07334} = {F137EE80-A1CD-BCB2-8C22-4A835DF07334}
		{3FED74A6-2F71-33CE-A734-80AA2C1B05D3} = {3FED74A6-2F71-33CE-A734-80AA2C1B05D3}
		{F79E7D3B-D720-FAD6-B094-5B4BEC86516E} = {F79E7D3B-D720-FAD6-B094-5B4BEC86516E}
		{159CFADD-0EA6-A611-47DB-C64EAFF0CE28} = {159CFADD-0EA6-A611-47DB-C64EAFF0CE28}
	EndProjectSection
EndProject
Project("{8BC9CEB8-8B4A-11D0-8D11-00A0C91BC942}") = "pagespeed_output_pb", "pagetest\PageSpeed\pagespeed\proto\pagespeed_output_pb.vcproj", "{8B5730E6-8625-AC30-AD1F-F27A541E8096}"
EndProject
Project("{8BC9CEB8-8B4A-11D0-8D11-00A0C91BC942}") = "pagespeed_png_optimizer", "pagetest\PageSpeed\pagespeed\image_compression\pagespeed_png_optimizer.vcproj", "{AF235369-D4FC-C42B-F210-ED1A35CF089E}"
EndProject
Project("{8BC9CEB8-8B4A-11D0-8D11-00A0C91BC942}") = "pngxrgif", "pagetest\PageSpeed\third_party\optipng\pngxrgif.vcproj", "{EEABDAC4-410B-EE28-8B94-8F9F6D5ECEC0}"
EndProject
Project("{8BC9CEB8-8B4A-11D0-8D11-00A0C91BC942}") = "protobuf_lite", "pagetest\PageSpeed\third_party\protobuf2\protobuf_lite.vcproj", "{A3302B05-DBD9-B93A-13C5-0F6A2F01217F}"
EndProject
Project("{8BC9CEB8-8B4A-11D0-8D11-00A0C91BC942}") = "zlib", "pagetest\PageSpeed\third_party\zlib\zlib.vcproj", "{8423AF0D-4B88-4EBF-94E1-E4D00D00E21C}"
EndProject
Project("{8BC9CEB8-8B4A-11D0-8D11-00A0C91BC942}") = "wptghook", "wptghook\wptghook.vcproj", "{DB7FC97A-75DB-416D-81D9-EDE1E7D05E23}"
EndProject
Global
	GlobalSection(SolutionConfigurationPlatforms) = preSolution
		Debug|Win32 = Debug|Win32
		Debug|x64 = Debug|x64
		DLL Debug|Win32 = DLL Debug|Win32
		DLL Debug|x64 = DLL Debug|x64
		DLL Release|Win32 = DLL Release|Win32
		DLL Release|x64 = DLL Release|x64
		LIB Debug|Win32 = LIB Debug|Win32
		LIB Debug|x64 = LIB Debug|x64
		LIB Release|Win32 = LIB Release|Win32
		LIB Release|x64 = LIB Release|x64
		Release|Win32 = Release|Win32
		Release|x64 = Release|x64
	EndGlobalSection
	GlobalSection(ProjectConfigurationPlatforms) = postSolution
		{2E9D9088-0986-47E6-85FF-449D865C73D3}.Debug|Win32.ActiveCfg = Debug|Win32
		{2E9D9088-0986-47E6-85FF-449D865C73D3}.Debug|Win32.Build.0 = Debug|Win32
		{2E9D9088-0986-47E6-85FF-449D865C73D3}.Debug|x64.ActiveCfg = Debug|Win32
		{2E9D9088-0986-47E6-85FF-449D865C73D3}.DLL Debug|Win32.ActiveCfg = Debug|Win32
		{2E9D9088-0986-47E6-85FF-449D865C73D3}.DLL Debug|Win32.Build.0 = Debug|Win32
		{2E9D9088-0986-47E6-85FF-449D865C73D3}.DLL Debug|x64.ActiveCfg = Debug|Win32
		{2E9D9088-0986-47E6-85FF-449D865C73D3}.DLL Release|Win32.ActiveCfg = Release|Win32
		{2E9D9088-0986-47E6-85FF-449D865C73D3}.DLL Release|Win32.Build.0 = Release|Win32
		{2E9D9088-0986-47E6-85FF-449D865C73D3}.DLL Release|x64.ActiveCfg = Release|Win32
		{2E9D9088-0986-47E6-85FF-449D865C73D3}.LIB Debug|Win32.ActiveCfg = Debug|Win32
		{2E9D9088-0986-47E6-85FF-449D865C73D3}.LIB Debug|Win32.Build.0 = Debug|Win32
		{2E9D9088-0986-47E6-85FF-449D865C73D3}.LIB Debug|x64.ActiveCfg = Debug|Win32
		{2E9D9088-0986-47E6-85FF-449D865C73D3}.LIB Release|Win32.ActiveCfg = Release|Win32
		{2E9D9088-0986-47E6-85FF-449D865C73D3}.LIB Release|Win32.Build.0 = Release|Win32
		{2E9D9088-0986-47E6-85FF-449D865C73D3}.LIB Release|x64.ActiveCfg = Release|Win32
		{2E9D9088-0986-47E6-85FF-449D865C73D3}.Release|Win32.ActiveCfg = Release|Win32
		{2E9D9088-0986-47E6-85FF-449D865C73D3}.Release|Win32.Build.0 = Release|Win32
		{2E9D9088-0986-47E6-85FF-449D865C73D3}.Release|x64.ActiveCfg = Release|Win32
		{59C884FF-248B-4EF8-859D-D2864D425289}.Debug|Win32.ActiveCfg = Debug|Win32
		{59C884FF-248B-4EF8-859D-D2864D425289}.Debug|Win32.Build.0 = Debug|Win32
		{59C884FF-248B-4EF8-859D-D2864D425289}.Debug|x64.ActiveCfg = Debug|Win32
		{59C884FF-248B-4EF8-859D-D2864D425289}.DLL Debug|Win32.ActiveCfg = Debug|Win32
		{59C884FF-248B-4EF8-859D-D2864D425289}.DLL Debug|Win32.Build.0 = Debug|Win32
		{59C884FF-248B-4EF8-859D-D2864D425289}.DLL Debug|x64.ActiveCfg = Debug|Win32
		{59C884FF-248B-4EF8-859D-D2864D425289}.DLL Release|Win32.ActiveCfg = Release|Win32
		{59C884FF-248B-4EF8-859D-D2864D425289}.DLL Release|Win32.Build.0 = Release|Win32
		{59C884FF-248B-4EF8-859D-D2864D425289}.DLL Release|x64.ActiveCfg = Release|Win32
		{59C884FF-248B-4EF8-859D-D2864D425289}.LIB Debug|Win32.ActiveCfg = Debug|Win32
		{59C884FF-248B-4EF8-859D-D2864D425289}.LIB Debug|Win32.Build.0 = Debug|Win32
		{59C884FF-248B-4EF8-859D-D2864D425289}.LIB Debug|x64.ActiveCfg = Debug|Win32
		{59C884FF-248B-4EF8-859D-D2864D425289}.LIB Release|Win32.ActiveCfg = Release|Win32
		{59C884FF-248B-4EF8-859D-D2864D425289}.LIB Release|Win32.Build.0 = Release|Win32
		{59C884FF-248B-4EF8-859D-D2864D425289}.LIB Release|x64.ActiveCfg = Release|Win32
		{59C884FF-248B-4EF8-859D-D2864D425289}.Release|Win32.ActiveCfg = Release|Win32
		{59C884FF-248B-4EF8-859D-D2864D425289}.Release|Win32.Build.0 = Release|Win32
		{59C884FF-248B-4EF8-859D-D2864D425289}.Release|x64.ActiveCfg = Release|Win32
		{1EA045C5-21F1-45BE-AF41-2991AD377B41}.Debug|Win32.ActiveCfg = Debug
		{1EA045C5-21F1-45BE-AF41-2991AD377B41}.Debug|x64.ActiveCfg = Debug
		{1EA045C5-21F1-45BE-AF41-2991AD377B41}.Debug|x64.Build.0 = Debug
		{1EA045C5-21F1-45BE-AF41-2991AD377B41}.DLL Debug|Win32.ActiveCfg = Debug
		{1EA045C5-21F1-45BE-AF41-2991AD377B41}.DLL Debug|Win32.Build.0 = Debug
		{1EA045C5-21F1-45BE-AF41-2991AD377B41}.DLL Debug|x64.ActiveCfg = Debug
		{1EA045C5-21F1-45BE-AF41-2991AD377B41}.DLL Debug|x64.Build.0 = Debug
		{1EA045C5-21F1-45BE-AF41-2991AD377B41}.DLL Release|Win32.ActiveCfg = Release
		{1EA045C5-21F1-45BE-AF41-2991AD377B41}.DLL Release|Win32.Build.0 = Release
		{1EA045C5-21F1-45BE-AF41-2991AD377B41}.DLL Release|x64.ActiveCfg = Release
		{1EA045C5-21F1-45BE-AF41-2991AD377B41}.DLL Release|x64.Build.0 = Release
		{1EA045C5-21F1-45BE-AF41-2991AD377B41}.LIB Debug|Win32.ActiveCfg = Debug
		{1EA045C5-21F1-45BE-AF41-2991AD377B41}.LIB Debug|Win32.Build.0 = Debug
		{1EA045C5-21F1-45BE-AF41-2991AD377B41}.LIB Debug|x64.ActiveCfg = Debug
		{1EA045C5-21F1-45BE-AF41-2991AD377B41}.LIB Debug|x64.Build.0 = Debug
		{1EA045C5-21F1-45BE-AF41-2991AD377B41}.LIB Release|Win32.ActiveCfg = Release
		{1EA045C5-21F1-45BE-AF41-2991AD377B41}.LIB Release|Win32.Build.0 = Release
		{1EA045C5-21F1-45BE-AF41-2991AD377B41}.LIB Release|x64.ActiveCfg = Release
		{1EA045C5-21F1-45BE-AF41-2991AD377B41}.LIB Release|x64.Build.0 = Release
		{1EA045C5-21F1-45BE-AF41-2991AD377B41}.Release|Win32.ActiveCfg = Release
		{1EA045C5-21F1-45BE-AF41-2991AD377B41}.Release|Win32.Build.0 = Release
		{1EA045C5-21F1-45BE-AF41-2991AD377B41}.Release|x64.ActiveCfg = Release
		{1EA045C5-21F1-45BE-AF41-2991AD377B41}.Release|x64.Build.0 = Release
		{675F04EA-AB15-453D-9E99-16CF0B1CB76B}.Debug|Win32.ActiveCfg = Debug|Win32
		{675F04EA-AB15-453D-9E99-16CF0B1CB76B}.Debug|Win32.Build.0 = Debug|Win32
		{675F04EA-AB15-453D-9E99-16CF0B1CB76B}.Debug|x64.ActiveCfg = Debug|Win32
		{675F04EA-AB15-453D-9E99-16CF0B1CB76B}.DLL Debug|Win32.ActiveCfg = Debug|Win32
		{675F04EA-AB15-453D-9E99-16CF0B1CB76B}.DLL Debug|Win32.Build.0 = Debug|Win32
		{675F04EA-AB15-453D-9E99-16CF0B1CB76B}.DLL Debug|x64.ActiveCfg = Debug|Win32
		{675F04EA-AB15-453D-9E99-16CF0B1CB76B}.DLL Release|Win32.ActiveCfg = Release|Win32
		{675F04EA-AB15-453D-9E99-16CF0B1CB76B}.DLL Release|Win32.Build.0 = Release|Win32
		{675F04EA-AB15-453D-9E99-16CF0B1CB76B}.DLL Release|x64.ActiveCfg = Release|Win32
		{675F04EA-AB15-453D-9E99-16CF0B1CB76B}.LIB Debug|Win32.ActiveCfg = Debug|Win32
		{675F04EA-AB15-453D-9E99-16CF0B1CB76B}.LIB Debug|Win32.Build.0 = Debug|Win32
		{675F04EA-AB15-453D-9E99-16CF0B1CB76B}.LIB Debug|x64.ActiveCfg = Debug|Win32
		{675F04EA-AB15-453D-9E99-16CF0B1CB76B}.LIB Release|Win32.ActiveCfg = Release|Win32
		{675F04EA-AB15-453D-9E99-16CF0B1CB76B}.LIB Release|Win32.Build.0 = Release|Win32
		{675F04EA-AB15-453D-9E99-16CF0B1CB76B}.LIB Release|x64.ActiveCfg = Release|Win32
		{675F04EA-AB15-453D-9E99-16CF0B1CB76B}.Release|Win32.ActiveCfg = Release|Win32
		{675F04EA-AB15-453D-9E99-16CF0B1CB76B}.Release|Win32.Build.0 = Release|Win32
		{675F04EA-AB15-453D-9E99-16CF0B1CB76B}.Release|x64.ActiveCfg = Release|Win32
		{15051CE1-AB10-4239-973D-01B84F2AD0A9}.Debug|Win32.ActiveCfg = Debug|Win32
		{15051CE1-AB10-4239-973D-01B84F2AD0A9}.Debug|Win32.Build.0 = Debug|Win32
		{15051CE1-AB10-4239-973D-01B84F2AD0A9}.Debug|x64.ActiveCfg = Debug|Win32
		{15051CE1-AB10-4239-973D-01B84F2AD0A9}.DLL Debug|Win32.ActiveCfg = Debug|Win32
		{15051CE1-AB10-4239-973D-01B84F2AD0A9}.DLL Debug|Win32.Build.0 = Debug|Win32
		{15051CE1-AB10-4239-973D-01B84F2AD0A9}.DLL Debug|x64.ActiveCfg = Debug|Win32
		{15051CE1-AB10-4239-973D-01B84F2AD0A9}.DLL Release|Win32.ActiveCfg = Release|Win32
		{15051CE1-AB10-4239-973D-01B84F2AD0A9}.DLL Release|Win32.Build.0 = Release|Win32
		{15051CE1-AB10-4239-973D-01B84F2AD0A9}.DLL Release|x64.ActiveCfg = Release|Win32
		{15051CE1-AB10-4239-973D-01B84F2AD0A9}.LIB Debug|Win32.ActiveCfg = Debug|Win32
		{15051CE1-AB10-4239-973D-01B84F2AD0A9}.LIB Debug|Win32.Build.0 = Debug|Win32
		{15051CE1-AB10-4239-973D-01B84F2AD0A9}.LIB Debug|x64.ActiveCfg = Debug|Win32
		{15051CE1-AB10-4239-973D-01B84F2AD0A9}.LIB Release|Win32.ActiveCfg = Release|Win32
		{15051CE1-AB10-4239-973D-01B84F2AD0A9}.LIB Release|Win32.Build.0 = Release|Win32
		{15051CE1-AB10-4239-973D-01B84F2AD0A9}.LIB Release|x64.ActiveCfg = Release|Win32
		{15051CE1-AB10-4239-973D-01B84F2AD0A9}.Release|Win32.ActiveCfg = Release|Win32
		{15051CE1-AB10-4239-973D-01B84F2AD0A9}.Release|Win32.Build.0 = Release|Win32
		{15051CE1-AB10-4239-973D-01B84F2AD0A9}.Release|x64.ActiveCfg = Release|Win32
		{3CD41F28-59EB-4B7B-9593-C36218C2B15F}.Debug|Win32.ActiveCfg = Debug|Win32
		{3CD41F28-59EB-4B7B-9593-C36218C2B15F}.Debug|Win32.Build.0 = Debug|Win32
		{3CD41F28-59EB-4B7B-9593-C36218C2B15F}.Debug|x64.ActiveCfg = Debug|Win32
		{3CD41F28-59EB-4B7B-9593-C36218C2B15F}.DLL Debug|Win32.ActiveCfg = Debug|Win32
		{3CD41F28-59EB-4B7B-9593-C36218C2B15F}.DLL Debug|Win32.Build.0 = Debug|Win32
		{3CD41F28-59EB-4B7B-9593-C36218C2B15F}.DLL Debug|x64.ActiveCfg = Debug|Win32
		{3CD41F28-59EB-4B7B-9593-C36218C2B15F}.DLL Release|Win32.ActiveCfg = Release|Win32
		{3CD41F28-59EB-4B7B-9593-C36218C2B15F}.DLL Release|Win32.Build.0 = Release|Win32
		{3CD41F28-59EB-4B7B-9593-C36218C2B15F}.DLL Release|x64.ActiveCfg = Release|Win32
		{3CD41F28-59EB-4B7B-9593-C36218C2B15F}.LIB Debug|Win32.ActiveCfg = Debug|Win32
		{3CD41F28-59EB-4B7B-9593-C36218C2B15F}.LIB Debug|Win32.Build.0 = Debug|Win32
		{3CD41F28-59EB-4B7B-9593-C36218C2B15F}.LIB Debug|x64.ActiveCfg = Debug|Win32
		{3CD41F28-59EB-4B7B-9593-C36218C2B15F}.LIB Release|Win32.ActiveCfg = Release|Win32
		{3CD41F28-59EB-4B7B-9593-C36218C2B15F}.LIB Release|Win32.Build.0 = Release|Win32
		{3CD41F28-59EB-4B7B-9593-C36218C2B15F}.LIB Release|x64.ActiveCfg = Release|Win32
		{3CD41F28-59EB-4B7B-9593-C36218C2B15F}.Release|Win32.ActiveCfg = Release|Win32
		{3CD41F28-59EB-4B7B-9593-C36218C2B15F}.Release|Win32.Build.0 = Release|Win32
		{3CD41F28-59EB-4B7B-9593-C36218C2B15F}.Release|x64.ActiveCfg = Release|Win32
		{5555B887-A140-49F5-AD7E-C711C4FB0C95}.Debug|Win32.ActiveCfg = LIB Debug|Win32
		{5555B887-A140-49F5-AD7E-C711C4FB0C95}.Debug|Win32.Build.0 = LIB Debug|Win32
		{5555B887-A140-49F5-AD7E-C711C4FB0C95}.Debug|x64.ActiveCfg = DLL Debug|Win32
		{5555B887-A140-49F5-AD7E-C711C4FB0C95}.DLL Debug|Win32.ActiveCfg = DLL Debug|Win32
		{5555B887-A140-49F5-AD7E-C711C4FB0C95}.DLL Debug|Win32.Build.0 = DLL Debug|Win32
		{5555B887-A140-49F5-AD7E-C711C4FB0C95}.DLL Debug|x64.ActiveCfg = DLL Debug|Win32
		{5555B887-A140-49F5-AD7E-C711C4FB0C95}.DLL Release|Win32.ActiveCfg = DLL Release|Win32
		{5555B887-A140-49F5-AD7E-C711C4FB0C95}.DLL Release|Win32.Build.0 = DLL Release|Win32
		{5555B887-A140-49F5-AD7E-C711C4FB0C95}.DLL Release|x64.ActiveCfg = DLL Release|Win32
		{5555B887-A140-49F5-AD7E-C711C4FB0C95}.LIB Debug|Win32.ActiveCfg = LIB Debug|Win32
		{5555B887-A140-49F5-AD7E-C711C4FB0C95}.LIB Debug|Win32.Build.0 = LIB Debug|Win32
		{5555B887-A140-49F5-AD7E-C711C4FB0C95}.LIB Debug|x64.ActiveCfg = LIB Debug|Win32
		{5555B887-A140-49F5-AD7E-C711C4FB0C95}.LIB Release|Win32.ActiveCfg = LIB Release|Win32
		{5555B887-A140-49F5-AD7E-C711C4FB0C95}.LIB Release|Win32.Build.0 = LIB Release|Win32
		{5555B887-A140-49F5-AD7E-C711C4FB0C95}.LIB Release|x64.ActiveCfg = LIB Release|Win32
		{5555B887-A140-49F5-AD7E-C711C4FB0C95}.Release|Win32.ActiveCfg = LIB Release|Win32
		{5555B887-A140-49F5-AD7E-C711C4FB0C95}.Release|Win32.Build.0 = LIB Release|Win32
		{5555B887-A140-49F5-AD7E-C711C4FB0C95}.Release|x64.ActiveCfg = DLL Debug|Win32
		{1832A374-8A74-4F9E-B536-69A699B3E165}.Debug|Win32.ActiveCfg = Debug|Win32
		{1832A374-8A74-4F9E-B536-69A699B3E165}.Debug|Win32.Build.0 = Debug|Win32
		{1832A374-8A74-4F9E-B536-69A699B3E165}.Debug|x64.ActiveCfg = Debug|Win32
		{1832A374-8A74-4F9E-B536-69A699B3E165}.DLL Debug|Win32.ActiveCfg = Debug|Win32
		{1832A374-8A74-4F9E-B536-69A699B3E165}.DLL Debug|Win32.Build.0 = Debug|Win32
		{1832A374-8A74-4F9E-B536-69A699B3E165}.DLL Debug|x64.ActiveCfg = Debug|Win32
		{1832A374-8A74-4F9E-B536-69A699B3E165}.DLL Release|Win32.ActiveCfg = Release|Win32
		{1832A374-8A74-4F9E-B536-69A699B3E165}.DLL Release|Win32.Build.0 = Release|Win32
		{1832A374-8A74-4F9E-B536-69A699B3E165}.DLL Release|x64.ActiveCfg = Release|Win32
		{1832A374-8A74-4F9E-B536-69A699B3E165}.LIB Debug|Win32.ActiveCfg = Debug|Win32
		{1832A374-8A74-4F9E-B536-69A699B3E165}.LIB Debug|Win32.Build.0 = Debug|Win32
		{1832A374-8A74-4F9E-B536-69A699B3E165}.LIB Debug|x64.ActiveCfg = Debug|Win32
		{1832A374-8A74-4F9E-B536-69A699B3E165}.LIB Release|Win32.ActiveCfg = Release|Win32
		{1832A374-8A74-4F9E-B536-69A699B3E165}.LIB Release|Win32.Build.0 = Release|Win32
		{1832A374-8A74-4F9E-B536-69A699B3E165}.LIB Release|x64.ActiveCfg = Release|Win32
		{1832A374-8A74-4F9E-B536-69A699B3E165}.Release|Win32.ActiveCfg = Release|Win32
		{1832A374-8A74-4F9E-B536-69A699B3E165}.Release|Win32.Build.0 = Release|Win32
		{1832A374-8A74-4F9E-B536-69A699B3E165}.Release|x64.ActiveCfg = Release|Win32
		{4D2BC45D-F97B-003C-C1C2-AD51D5DDEB28}.Debug|Win32.ActiveCfg = Debug|Win32
		{4D2BC45D-F97B-003C-C1C2-AD51D5DDEB28}.Debug|Win32.Build.0 = Debug|Win32
		{4D2BC45D-F97B-003C-C1C2-AD51D5DDEB28}.Debug|x64.ActiveCfg = Debug|Win32
		{4D2BC45D-F97B-003C-C1C2-AD51D5DDEB28}.DLL Debug|Win32.ActiveCfg = Debug|Win32
		{4D2BC45D-F97B-003C-C1C2-AD51D5DDEB28}.DLL Debug|Win32.Build.0 = Debug|Win32
		{4D2BC45D-F97B-003C-C1C2-AD51D5DDEB28}.DLL Debug|x64.ActiveCfg = Debug|Win32
		{4D2BC45D-F97B-003C-C1C2-AD51D5DDEB28}.DLL Release|Win32.ActiveCfg = Release|Win32
		{4D2BC45D-F97B-003C-C1C2-AD51D5DDEB28}.DLL Release|Win32.Build.0 = Release|Win32
		{4D2BC45D-F97B-003C-C1C2-AD51D5DDEB28}.DLL Release|x64.ActiveCfg = Release|Win32
		{4D2BC45D-F97B-003C-C1C2-AD51D5DDEB28}.LIB Debug|Win32.ActiveCfg = Debug|Win32
		{4D2BC45D-F97B-003C-C1C2-AD51D5DDEB28}.LIB Debug|Win32.Build.0 = Debug|Win32
		{4D2BC45D-F97B-003C-C1C2-AD51D5DDEB28}.LIB Debug|x64.ActiveCfg = Debug|Win32
		{4D2BC45D-F97B-003C-C1C2-AD51D5DDEB28}.LIB Release|Win32.ActiveCfg = Release|Win32
		{4D2BC45D-F97B-003C-C1C2-AD51D5DDEB28}.LIB Release|Win32.Build.0 = Release|Win32
		{4D2BC45D-F97B-003C-C1C2-AD51D5DDEB28}.LIB Release|x64.ActiveCfg = Release|Win32
		{4D2BC45D-F97B-003C-C1C2-AD51D5DDEB28}.Release|Win32.ActiveCfg = Release|Win32
		{4D2BC45D-F97B-003C-C1C2-AD51D5DDEB28}.Release|Win32.Build.0 = Release|Win32
		{4D2BC45D-F97B-003C-C1C2-AD51D5DDEB28}.Release|x64.ActiveCfg = Release|Win32
		{D4C040F1-409A-A6D3-3D5C-3AC051630EFA}.Debug|Win32.ActiveCfg = Debug|Win32
		{D4C040F1-409A-A6D3-3D5C-3AC051630EFA}.Debug|Win32.Build.0 = Debug|Win32
		{D4C040F1-409A-A6D3-3D5C-3AC051630EFA}.Debug|x64.ActiveCfg = Debug|Win32
		{D4C040F1-409A-A6D3-3D5C-3AC051630EFA}.DLL Debug|Win32.ActiveCfg = Debug|Win32
		{D4C040F1-409A-A6D3-3D5C-3AC051630EFA}.DLL Debug|Win32.Build.0 = Debug|Win32
		{D4C040F1-409A-A6D3-3D5C-3AC051630EFA}.DLL Debug|x64.ActiveCfg = Debug|Win32
		{D4C040F1-409A-A6D3-3D5C-3AC051630EFA}.DLL Release|Win32.ActiveCfg = Release|Win32
		{D4C040F1-409A-A6D3-3D5C-3AC051630EFA}.DLL Release|Win32.Build.0 = Release|Win32
		{D4C040F1-409A-A6D3-3D5C-3AC051630EFA}.DLL Release|x64.ActiveCfg = Release|Win32
		{D4C040F1-409A-A6D3-3D5C-3AC051630EFA}.LIB Debug|Win32.ActiveCfg = Debug|Win32
		{D4C040F1-409A-A6D3-3D5C-3AC051630EFA}.LIB Debug|Win32.Build.0 = Debug|Win32
		{D4C040F1-409A-A6D3-3D5C-3AC051630EFA}.LIB Debug|x64.ActiveCfg = Debug|Win32
		{D4C040F1-409A-A6D3-3D5C-3AC051630EFA}.LIB Release|Win32.ActiveCfg = Release|Win32
		{D4C040F1-409A-A6D3-3D5C-3AC051630EFA}.LIB Release|Win32.Build.0 = Release|Win32
		{D4C040F1-409A-A6D3-3D5C-3AC051630EFA}.LIB Release|x64.ActiveCfg = Release|Win32
		{D4C040F1-409A-A6D3-3D5C-3AC051630EFA}.Release|Win32.ActiveCfg = Release|Win32
		{D4C040F1-409A-A6D3-3D5C-3AC051630EFA}.Release|Win32.Build.0 = Release|Win32
		{D4C040F1-409A-A6D3-3D5C-3AC051630EFA}.Release|x64.ActiveCfg = Release|Win32
		{F137EE80-A1CD-BCB2-8C22-4A835DF07334}.Debug|Win32.ActiveCfg = Debug|Win32
		{F137EE80-A1CD-BCB2-8C22-4A835DF07334}.Debug|Win32.Build.0 = Debug|Win32
		{F137EE80-A1CD-BCB2-8C22-4A835DF07334}.Debug|x64.ActiveCfg = Debug|Win32
		{F137EE80-A1CD-BCB2-8C22-4A835DF07334}.DLL Debug|Win32.ActiveCfg = Debug|Win32
		{F137EE80-A1CD-BCB2-8C22-4A835DF07334}.DLL Debug|Win32.Build.0 = Debug|Win32
		{F137EE80-A1CD-BCB2-8C22-4A835DF07334}.DLL Debug|x64.ActiveCfg = Debug|Win32
		{F137EE80-A1CD-BCB2-8C22-4A835DF07334}.DLL Release|Win32.ActiveCfg = Release|Win32
		{F137EE80-A1CD-BCB2-8C22-4A835DF07334}.DLL Release|Win32.Build.0 = Release|Win32
		{F137EE80-A1CD-BCB2-8C22-4A835DF07334}.DLL Release|x64.ActiveCfg = Release|Win32
		{F137EE80-A1CD-BCB2-8C22-4A835DF07334}.LIB Debug|Win32.ActiveCfg = Debug|Win32
		{F137EE80-A1CD-BCB2-8C22-4A835DF07334}.LIB Debug|Win32.Build.0 = Debug|Win32
		{F137EE80-A1CD-BCB2-8C22-4A835DF07334}.LIB Debug|x64.ActiveCfg = Debug|Win32
		{F137EE80-A1CD-BCB2-8C22-4A835DF07334}.LIB Release|Win32.ActiveCfg = Release|Win32
		{F137EE80-A1CD-BCB2-8C22-4A835DF07334}.LIB Release|Win32.Build.0 = Release|Win32
		{F137EE80-A1CD-BCB2-8C22-4A835DF07334}.LIB Release|x64.ActiveCfg = Release|Win32
		{F137EE80-A1CD-BCB2-8C22-4A835DF07334}.Release|Win32.ActiveCfg = Release|Win32
		{F137EE80-A1CD-BCB2-8C22-4A835DF07334}.Release|Win32.Build.0 = Release|Win32
		{F137EE80-A1CD-BCB2-8C22-4A835DF07334}.Release|x64.ActiveCfg = Release|Win32
		{73031845-BA75-63CC-CC05-C6D35FAC508A}.Debug|Win32.ActiveCfg = Debug|Win32
		{73031845-BA75-63CC-CC05-C6D35FAC508A}.Debug|Win32.Build.0 = Debug|Win32
		{73031845-BA75-63CC-CC05-C6D35FAC508A}.Debug|x64.ActiveCfg = Debug|Win32
		{73031845-BA75-63CC-CC05-C6D35FAC508A}.DLL Debug|Win32.ActiveCfg = Debug|Win32
		{73031845-BA75-63CC-CC05-C6D35FAC508A}.DLL Debug|Win32.Build.0 = Debug|Win32
		{73031845-BA75-63CC-CC05-C6D35FAC508A}.DLL Debug|x64.ActiveCfg = Debug|Win32
		{73031845-BA75-63CC-CC05-C6D35FAC508A}.DLL Release|Win32.ActiveCfg = Release|Win32
		{73031845-BA75-63CC-CC05-C6D35FAC508A}.DLL Release|Win32.Build.0 = Release|Win32
		{73031845-BA75-63CC-CC05-C6D35FAC508A}.DLL Release|x64.ActiveCfg = Release|Win32
		{73031845-BA75-63CC-CC05-C6D35FAC508A}.LIB Debug|Win32.ActiveCfg = Debug|Win32
		{73031845-BA75-63CC-CC05-C6D35FAC508A}.LIB Debug|Win32.Build.0 = Debug|Win32
		{73031845-BA75-63CC-CC05-C6D35FAC508A}.LIB Debug|x64.ActiveCfg = Debug|Win32
		{73031845-BA75-63CC-CC05-C6D35FAC508A}.LIB Release|Win32.ActiveCfg = Release|Win32
		{73031845-BA75-63CC-CC05-C6D35FAC508A}.LIB Release|Win32.Build.0 = Release|Win32
		{73031845-BA75-63CC-CC05-C6D35FAC508A}.LIB Release|x64.ActiveCfg = Release|Win32
		{73031845-BA75-63CC-CC05-C6D35FAC508A}.Release|Win32.ActiveCfg = Release|Win32
		{73031845-BA75-63CC-CC05-C6D35FAC508A}.Release|Win32.Build.0 = Release|Win32
		{73031845-BA75-63CC-CC05-C6D35FAC508A}.Release|x64.ActiveCfg = Release|Win32
		{F71C5891-8741-A0A3-250F-CFE46651FBE9}.Debug|Win32.ActiveCfg = Debug|Win32
		{F71C5891-8741-A0A3-250F-CFE46651FBE9}.Debug|Win32.Build.0 = Debug|Win32
		{F71C5891-8741-A0A3-250F-CFE46651FBE9}.Debug|x64.ActiveCfg = Debug|Win32
		{F71C5891-8741-A0A3-250F-CFE46651FBE9}.DLL Debug|Win32.ActiveCfg = Debug|Win32
		{F71C5891-8741-A0A3-250F-CFE46651FBE9}.DLL Debug|Win32.Build.0 = Debug|Win32
		{F71C5891-8741-A0A3-250F-CFE46651FBE9}.DLL Debug|x64.ActiveCfg = Debug|Win32
		{F71C5891-8741-A0A3-250F-CFE46651FBE9}.DLL Release|Win32.ActiveCfg = Release|Win32
		{F71C5891-8741-A0A3-250F-CFE46651FBE9}.DLL Release|Win32.Build.0 = Release|Win32
		{F71C5891-8741-A0A3-250F-CFE46651FBE9}.DLL Release|x64.ActiveCfg = Release|Win32
		{F71C5891-8741-A0A3-250F-CFE46651FBE9}.LIB Debug|Win32.ActiveCfg = Debug|Win32
		{F71C5891-8741-A0A3-250F-CFE46651FBE9}.LIB Debug|Win32.Build.0 = Debug|Win32
		{F71C5891-8741-A0A3-250F-CFE46651FBE9}.LIB Debug|x64.ActiveCfg = Debug|Win32
		{F71C5891-8741-A0A3-250F-CFE46651FBE9}.LIB Release|Win32.ActiveCfg = Release|Win32
		{F71C5891-8741-A0A3-250F-CFE46651FBE9}.LIB Release|Win32.Build.0 = Release|Win32
		{F71C5891-8741-A0A3-250F-CFE46651FBE9}.LIB Release|x64.ActiveCfg = Release|Win32
		{F71C5891-8741-A0A3-250F-CFE46651FBE9}.Release|Win32.ActiveCfg = Release|Win32
		{F71C5891-8741-A0A3-250F-CFE46651FBE9}.Release|Win32.Build.0 = Release|Win32
		{F71C5891-8741-A0A3-250F-CFE46651FBE9}.Release|x64.ActiveCfg = Release|Win32
		{238CE175-76CE-4A25-A676-69D115885601}.Debug|Win32.ActiveCfg = Debug|Win32
		{238CE175-76CE-4A25-A676-69D115885601}.Debug|Win32.Build.0 = Debug|Win32
		{238CE175-76CE-4A25-A676-69D115885601}.Debug|x64.ActiveCfg = Debug|Win32
		{238CE175-76CE-4A25-A676-69D115885601}.DLL Debug|Win32.ActiveCfg = Debug|Win32
		{238CE175-76CE-4A25-A676-69D115885601}.DLL Debug|Win32.Build.0 = Debug|Win32
		{238CE175-76CE-4A25-A676-69D115885601}.DLL Debug|x64.ActiveCfg = Debug|Win32
		{238CE175-76CE-4A25-A676-69D115885601}.DLL Release|Win32.ActiveCfg = Release|Win32
		{238CE175-76CE-4A25-A676-69D115885601}.DLL Release|Win32.Build.0 = Release|Win32
		{238CE175-76CE-4A25-A676-69D115885601}.DLL Release|x64.ActiveCfg = Release|Win32
		{238CE175-76CE-4A25-A676-69D115885601}.LIB Debug|Win32.ActiveCfg = Debug|Win32
		{238CE175-76CE-4A25-A676-69D115885601}.LIB Debug|Win32.Build.0 = Debug|Win32
		{238CE175-76CE-4A25-A676-69D115885601}.LIB Debug|x64.ActiveCfg = Debug|Win32
		{238CE175-76CE-4A25-A676-69D115885601}.LIB Release|Win32.ActiveCfg = Release|Win32
		{238CE175-76CE-4A25-A676-69D115885601}.LIB Release|Win32.Build.0 = Release|Win32
		{238CE175-76CE-4A25-A676-69D115885601}.LIB Release|x64.ActiveCfg = Release|Win32
		{238CE175-76CE-4A25-A676-69D115885601}.Release|Win32.ActiveCfg = Release|Win32
		{238CE175-76CE-4A25-A676-69D115885601}.Release|Win32.Build.0 = Release|Win32
		{238CE175-76CE-4A25-A676-69D115885601}.Release|x64.ActiveCfg = Release|Win32
		{F79E7D3B-D720-FAD6-B094-5B4BEC86516E}.Debug|Win32.ActiveCfg = Debug|Win32
		{F79E7D3B-D720-FAD6-B094-5B4BEC86516E}.Debug|Win32.Build.0 = Debug|Win32
		{F79E7D3B-D720-FAD6-B094-5B4BEC86516E}.Debug|x64.ActiveCfg = Debug|Win32
		{F79E7D3B-D720-FAD6-B094-5B4BEC86516E}.DLL Debug|Win32.ActiveCfg = Debug|Win32
		{F79E7D3B-D720-FAD6-B094-5B4BEC86516E}.DLL Debug|Win32.Build.0 = Debug|Win32
		{F79E7D3B-D720-FAD6-B094-5B4BEC86516E}.DLL Debug|x64.ActiveCfg = Debug|Win32
		{F79E7D3B-D720-FAD6-B094-5B4BEC86516E}.DLL Release|Win32.ActiveCfg = Release|Win32
		{F79E7D3B-D720-FAD6-B094-5B4BEC86516E}.DLL Release|Win32.Build.0 = Release|Win32
		{F79E7D3B-D720-FAD6-B094-5B4BEC86516E}.DLL Release|x64.ActiveCfg = Release|Win32
		{F79E7D3B-D720-FAD6-B094-5B4BEC86516E}.LIB Debug|Win32.ActiveCfg = Debug|Win32
		{F79E7D3B-D720-FAD6-B094-5B4BEC86516E}.LIB Debug|Win32.Build.0 = Debug|Win32
		{F79E7D3B-D720-FAD6-B094-5B4BEC86516E}.LIB Debug|x64.ActiveCfg = Debug|Win32
		{F79E7D3B-D720-FAD6-B094-5B4BEC86516E}.LIB Release|Win32.ActiveCfg = Release|Win32
		{F79E7D3B-D720-FAD6-B094-5B4BEC86516E}.LIB Release|Win32.Build.0 = Release|Win32
		{F79E7D3B-D720-FAD6-B094-5B4BEC86516E}.LIB Release|x64.ActiveCfg = Release|Win32
		{F79E7D3B-D720-FAD6-B094-5B4BEC86516E}.Release|Win32.ActiveCfg = Release|Win32
		{F79E7D3B-D720-FAD6-B094-5B4BEC86516E}.Release|Win32.Build.0 = Release|Win32
		{F79E7D3B-D720-FAD6-B094-5B4BEC86516E}.Release|x64.ActiveCfg = Release|Win32
		{C564F145-9172-42C3-BFCB-6014CA97DBCD}.Debug|Win32.ActiveCfg = Debug|Win32
		{C564F145-9172-42C3-BFCB-6014CA97DBCD}.Debug|Win32.Build.0 = Debug|Win32
		{C564F145-9172-42C3-BFCB-6014CA97DBCD}.Debug|x64.ActiveCfg = Debug|Win32
		{C564F145-9172-42C3-BFCB-6014CA97DBCD}.DLL Debug|Win32.ActiveCfg = Debug|Win32
		{C564F145-9172-42C3-BFCB-6014CA97DBCD}.DLL Debug|Win32.Build.0 = Debug|Win32
		{C564F145-9172-42C3-BFCB-6014CA97DBCD}.DLL Debug|x64.ActiveCfg = Debug|Win32
		{C564F145-9172-42C3-BFCB-6014CA97DBCD}.DLL Release|Win32.ActiveCfg = Release|Win32
		{C564F145-9172-42C3-BFCB-6014CA97DBCD}.DLL Release|Win32.Build.0 = Release|Win32
		{C564F145-9172-42C3-BFCB-6014CA97DBCD}.DLL Release|x64.ActiveCfg = Release|Win32
		{C564F145-9172-42C3-BFCB-6014CA97DBCD}.LIB Debug|Win32.ActiveCfg = Debug|Win32
		{C564F145-9172-42C3-BFCB-6014CA97DBCD}.LIB Debug|Win32.Build.0 = Debug|Win32
		{C564F145-9172-42C3-BFCB-6014CA97DBCD}.LIB Debug|x64.ActiveCfg = Debug|Win32
		{C564F145-9172-42C3-BFCB-6014CA97DBCD}.LIB Release|Win32.ActiveCfg = Release|Win32
		{C564F145-9172-42C3-BFCB-6014CA97DBCD}.LIB Release|Win32.Build.0 = Release|Win32
		{C564F145-9172-42C3-BFCB-6014CA97DBCD}.LIB Release|x64.ActiveCfg = Release|Win32
		{C564F145-9172-42C3-BFCB-6014CA97DBCD}.Release|Win32.ActiveCfg = Release|Win32
		{C564F145-9172-42C3-BFCB-6014CA97DBCD}.Release|Win32.Build.0 = Release|Win32
		{C564F145-9172-42C3-BFCB-6014CA97DBCD}.Release|x64.ActiveCfg = Release|Win32
		{9B6FAEE0-4CFD-8942-397F-500C5408D1AA}.Debug|Win32.ActiveCfg = Debug|Win32
		{9B6FAEE0-4CFD-8942-397F-500C5408D1AA}.Debug|Win32.Build.0 = Debug|Win32
		{9B6FAEE0-4CFD-8942-397F-500C5408D1AA}.Debug|x64.ActiveCfg = Debug|Win32
		{9B6FAEE0-4CFD-8942-397F-500C5408D1AA}.DLL Debug|Win32.ActiveCfg = Debug|Win32
		{9B6FAEE0-4CFD-8942-397F-500C5408D1AA}.DLL Debug|Win32.Build.0 = Debug|Win32
		{9B6FAEE0-4CFD-8942-397F-500C5408D1AA}.DLL Debug|x64.ActiveCfg = Debug|Win32
		{9B6FAEE0-4CFD-8942-397F-500C5408D1AA}.DLL Release|Win32.ActiveCfg = Release|Win32
		{9B6FAEE0-4CFD-8942-397F-500C5408D1AA}.DLL Release|Win32.Build.0 = Release|Win32
		{9B6FAEE0-4CFD-8942-397F-500C5408D1AA}.DLL Release|x64.ActiveCfg = Release|Win32
		{9B6FAEE0-4CFD-8942-397F-500C5408D1AA}.LIB Debug|Win32.ActiveCfg = Debug|Win32
		{9B6FAEE0-4CFD-8942-397F-500C5408D1AA}.LIB Debug|Win32.Build.0 = Debug|Win32
		{9B6FAEE0-4CFD-8942-397F-500C5408D1AA}.LIB Debug|x64.ActiveCfg = Debug|Win32
		{9B6FAEE0-4CFD-8942-397F-500C5408D1AA}.LIB Release|Win32.ActiveCfg = Release|Win32
		{9B6FAEE0-4CFD-8942-397F-500C5408D1AA}.LIB Release|Win32.Build.0 = Release|Win32
		{9B6FAEE0-4CFD-8942-397F-500C5408D1AA}.LIB Release|x64.ActiveCfg = Release|Win32
		{9B6FAEE0-4CFD-8942-397F-500C5408D1AA}.Release|Win32.ActiveCfg = Release|Win32
		{9B6FAEE0-4CFD-8942-397F-500C5408D1AA}.Release|Win32.Build.0 = Release|Win32
		{9B6FAEE0-4CFD-8942-397F-500C5408D1AA}.Release|x64.ActiveCfg = Release|Win32
		{46768FBC-80F7-BC4B-9F4F-F2C65C911DD5}.Debug|Win32.ActiveCfg = Debug|Win32
		{46768FBC-80F7-BC4B-9F4F-F2C65C911DD5}.Debug|Win32.Build.0 = Debug|Win32
		{46768FBC-80F7-BC4B-9F4F-F2C65C911DD5}.Debug|x64.ActiveCfg = Debug|Win32
		{46768FBC-80F7-BC4B-9F4F-F2C65C911DD5}.DLL Debug|Win32.ActiveCfg = Debug|Win32
		{46768FBC-80F7-BC4B-9F4F-F2C65C911DD5}.DLL Debug|Win32.Build.0 = Debug|Win32
		{46768FBC-80F7-BC4B-9F4F-F2C65C911DD5}.DLL Debug|x64.ActiveCfg = Debug|Win32
		{46768FBC-80F7-BC4B-9F4F-F2C65C911DD5}.DLL Release|Win32.ActiveCfg = Release|Win32
		{46768FBC-80F7-BC4B-9F4F-F2C65C911DD5}.DLL Release|Win32.Build.0 = Release|Win32
		{46768FBC-80F7-BC4B-9F4F-F2C65C911DD5}.DLL Release|x64.ActiveCfg = Release|Win32
		{46768FBC-80F7-BC4B-9F4F-F2C65C911DD5}.LIB Debug|Win32.ActiveCfg = Debug|Win32
		{46768FBC-80F7-BC4B-9F4F-F2C65C911DD5}.LIB Debug|Win32.Build.0 = Debug|Win32
		{46768FBC-80F7-BC4B-9F4F-F2C65C911DD5}.LIB Debug|x64.ActiveCfg = Debug|Win32
		{46768FBC-80F7-BC4B-9F4F-F2C65C911DD5}.LIB Release|Win32.ActiveCfg = Release|Win32
		{46768FBC-80F7-BC4B-9F4F-F2C65C911DD5}.LIB Release|Win32.Build.0 = Release|Win32
		{46768FBC-80F7-BC4B-9F4F-F2C65C911DD5}.LIB Release|x64.ActiveCfg = Release|Win32
		{46768FBC-80F7-BC4B-9F4F-F2C65C911DD5}.Release|Win32.ActiveCfg = Release|Win32
		{46768FBC-80F7-BC4B-9F4F-F2C65C911DD5}.Release|Win32.Build.0 = Release|Win32
		{46768FBC-80F7-BC4B-9F4F-F2C65C911DD5}.Release|x64.ActiveCfg = Release|Win32
		{159CFADD-0EA6-A611-47DB-C64EAFF0CE28}.Debug|Win32.ActiveCfg = Debug|Win32
		{159CFADD-0EA6-A611-47DB-C64EAFF0CE28}.Debug|Win32.Build.0 = Debug|Win32
		{159CFADD-0EA6-A611-47DB-C64EAFF0CE28}.Debug|x64.ActiveCfg = Debug|Win32
		{159CFADD-0EA6-A611-47DB-C64EAFF0CE28}.DLL Debug|Win32.ActiveCfg = Debug|Win32
		{159CFADD-0EA6-A611-47DB-C64EAFF0CE28}.DLL Debug|Win32.Build.0 = Debug|Win32
		{159CFADD-0EA6-A611-47DB-C64EAFF0CE28}.DLL Debug|x64.ActiveCfg = Debug|Win32
		{159CFADD-0EA6-A611-47DB-C64EAFF0CE28}.DLL Release|Win32.ActiveCfg = Release|Win32
		{159CFADD-0EA6-A611-47DB-C64EAFF0CE28}.DLL Release|Win32.Build.0 = Release|Win32
		{159CFADD-0EA6-A611-47DB-C64EAFF0CE28}.DLL Release|x64.ActiveCfg = Release|Win32
		{159CFADD-0EA6-A611-47DB-C64EAFF0CE28}.LIB Debug|Win32.ActiveCfg = Debug|Win32
		{159CFADD-0EA6-A611-47DB-C64EAFF0CE28}.LIB Debug|Win32.Build.0 = Debug|Win32
		{159CFADD-0EA6-A611-47DB-C64EAFF0CE28}.LIB Debug|x64.ActiveCfg = Debug|Win32
		{159CFADD-0EA6-A611-47DB-C64EAFF0CE28}.LIB Release|Win32.ActiveCfg = Release|Win32
		{159CFADD-0EA6-A611-47DB-C64EAFF0CE28}.LIB Release|Win32.Build.0 = Release|Win32
		{159CFADD-0EA6-A611-47DB-C64EAFF0CE28}.LIB Release|x64.ActiveCfg = Release|Win32
		{159CFADD-0EA6-A611-47DB-C64EAFF0CE28}.Release|Win32.ActiveCfg = Release|Win32
		{159CFADD-0EA6-A611-47DB-C64EAFF0CE28}.Release|Win32.Build.0 = Release|Win32
		{159CFADD-0EA6-A611-47DB-C64EAFF0CE28}.Release|x64.ActiveCfg = Release|Win32
		{287D3DF7-9904-C545-E468-982A98D76E98}.Debug|Win32.ActiveCfg = Debug|Win32
		{287D3DF7-9904-C545-E468-982A98D76E98}.Debug|Win32.Build.0 = Debug|Win32
		{287D3DF7-9904-C545-E468-982A98D76E98}.Debug|x64.ActiveCfg = Debug|Win32
		{287D3DF7-9904-C545-E468-982A98D76E98}.DLL Debug|Win32.ActiveCfg = Debug|Win32
		{287D3DF7-9904-C545-E468-982A98D76E98}.DLL Debug|Win32.Build.0 = Debug|Win32
		{287D3DF7-9904-C545-E468-982A98D76E98}.DLL Debug|x64.ActiveCfg = Debug|Win32
		{287D3DF7-9904-C545-E468-982A98D76E98}.DLL Release|Win32.ActiveCfg = Release|Win32
		{287D3DF7-9904-C545-E468-982A98D76E98}.DLL Release|Win32.Build.0 = Release|Win32
		{287D3DF7-9904-C545-E468-982A98D76E98}.DLL Release|x64.ActiveCfg = Release|Win32
		{287D3DF7-9904-C545-E468-982A98D76E98}.LIB Debug|Win32.ActiveCfg = Debug|Win32
		{287D3DF7-9904-C545-E468-982A98D76E98}.LIB Debug|Win32.Build.0 = Debug|Win32
		{287D3DF7-9904-C545-E468-982A98D76E98}.LIB Debug|x64.ActiveCfg = Debug|Win32
		{287D3DF7-9904-C545-E468-982A98D76E98}.LIB Release|Win32.ActiveCfg = Release|Win32
		{287D3DF7-9904-C545-E468-982A98D76E98}.LIB Release|Win32.Build.0 = Release|Win32
		{287D3DF7-9904-C545-E468-982A98D76E98}.LIB Release|x64.ActiveCfg = Release|Win32
		{287D3DF7-9904-C545-E468-982A98D76E98}.Release|Win32.ActiveCfg = Release|Win32
		{287D3DF7-9904-C545-E468-982A98D76E98}.Release|Win32.Build.0 = Release|Win32
		{287D3DF7-9904-C545-E468-982A98D76E98}.Release|x64.ActiveCfg = Release|Win32
		{CF57CCE4-86D1-99B1-4D0C-D40BC852CB0B}.Debug|Win32.ActiveCfg = Debug|Win32
		{CF57CCE4-86D1-99B1-4D0C-D40BC852CB0B}.Debug|Win32.Build.0 = Debug|Win32
		{CF57CCE4-86D1-99B1-4D0C-D40BC852CB0B}.Debug|x64.ActiveCfg = Debug|Win32
		{CF57CCE4-86D1-99B1-4D0C-D40BC852CB0B}.DLL Debug|Win32.ActiveCfg = Debug|Win32
		{CF57CCE4-86D1-99B1-4D0C-D40BC852CB0B}.DLL Debug|Win32.Build.0 = Debug|Win32
		{CF57CCE4-86D1-99B1-4D0C-D40BC852CB0B}.DLL Debug|x64.ActiveCfg = Debug|Win32
		{CF57CCE4-86D1-99B1-4D0C-D40BC852CB0B}.DLL Release|Win32.ActiveCfg = Release|Win32
		{CF57CCE4-86D1-99B1-4D0C-D40BC852CB0B}.DLL Release|Win32.Build.0 = Release|Win32
		{CF57CCE4-86D1-99B1-4D0C-D40BC852CB0B}.DLL Release|x64.ActiveCfg = Release|Win32
		{CF57CCE4-86D1-99B1-4D0C-D40BC852CB0B}.LIB Debug|Win32.ActiveCfg = Debug|Win32
		{CF57CCE4-86D1-99B1-4D0C-D40BC852CB0B}.LIB Debug|Win32.Build.0 = Debug|Win32
		{CF57CCE4-86D1-99B1-4D0C-D40BC852CB0B}.LIB Debug|x64.ActiveCfg = Debug|Win32
		{CF57CCE4-86D1-99B1-4D0C-D40BC852CB0B}.LIB Release|Win32.ActiveCfg = Release|Win32
		{CF57CCE4-86D1-99B1-4D0C-D40BC852CB0B}.LIB Release|Win32.Build.0 = Release|Win32
		{CF57CCE4-86D1-99B1-4D0C-D40BC852CB0B}.LIB Release|x64.ActiveCfg = Release|Win32
		{CF57CCE4-86D1-99B1-4D0C-D40BC852CB0B}.Release|Win32.ActiveCfg = Release|Win32
		{CF57CCE4-86D1-99B1-4D0C-D40BC852CB0B}.Release|Win32.Build.0 = Release|Win32
		{CF57CCE4-86D1-99B1-4D0C-D40BC852CB0B}.Release|x64.ActiveCfg = Release|Win32
		{CD5F3992-1C10-96CE-6223-684F640CEC30}.Debug|Win32.ActiveCfg = Debug|Win32
		{CD5F3992-1C10-96CE-6223-684F640CEC30}.Debug|Win32.Build.0 = Debug|Win32
		{CD5F3992-1C10-96CE-6223-684F640CEC30}.Debug|x64.ActiveCfg = Debug|Win32
		{CD5F3992-1C10-96CE-6223-684F640CEC30}.DLL Debug|Win32.ActiveCfg = Debug|Win32
		{CD5F3992-1C10-96CE-6223-684F640CEC30}.DLL Debug|Win32.Build.0 = Debug|Win32
		{CD5F3992-1C10-96CE-6223-684F640CEC30}.DLL Debug|x64.ActiveCfg = Debug|Win32
		{CD5F3992-1C10-96CE-6223-684F640CEC30}.DLL Release|Win32.ActiveCfg = Release|Win32
		{CD5F3992-1C10-96CE-6223-684F640CEC30}.DLL Release|Win32.Build.0 = Release|Win32
		{CD5F3992-1C10-96CE-6223-684F640CEC30}.DLL Release|x64.ActiveCfg = Release|Win32
		{CD5F3992-1C10-96CE-6223-684F640CEC30}.LIB Debug|Win32.ActiveCfg = Debug|Win32
		{CD5F3992-1C10-96CE-6223-684F640CEC30}.LIB Debug|Win32.Build.0 = Debug|Win32
		{CD5F3992-1C10-96CE-6223-684F640CEC30}.LIB Debug|x64.ActiveCfg = Debug|Win32
		{CD5F3992-1C10-96CE-6223-684F640CEC30}.LIB Release|Win32.ActiveCfg = Release|Win32
		{CD5F3992-1C10-96CE-6223-684F640CEC30}.LIB Release|Win32.Build.0 = Release|Win32
		{CD5F3992-1C10-96CE-6223-684F640CEC30}.LIB Release|x64.ActiveCfg = Release|Win32
		{CD5F3992-1C10-96CE-6223-684F640CEC30}.Release|Win32.ActiveCfg = Release|Win32
		{CD5F3992-1C10-96CE-6223-684F640CEC30}.Release|Win32.Build.0 = Release|Win32
		{CD5F3992-1C10-96CE-6223-684F640CEC30}.Release|x64.ActiveCfg = Release|Win32
		{3E7C51C8-2615-F844-45BB-5675BF3BE11F}.Debug|Win32.ActiveCfg = Debug|Win32
		{3E7C51C8-2615-F844-45BB-5675BF3BE11F}.Debug|Win32.Build.0 = Debug|Win32
		{3E7C51C8-2615-F844-45BB-5675BF3BE11F}.Debug|x64.ActiveCfg = Debug|Win32
		{3E7C51C8-2615-F844-45BB-5675BF3BE11F}.DLL Debug|Win32.ActiveCfg = Debug|Win32
		{3E7C51C8-2615-F844-45BB-5675BF3BE11F}.DLL Debug|Win32.Build.0 = Debug|Win32
		{3E7C51C8-2615-F844-45BB-5675BF3BE11F}.DLL Debug|x64.ActiveCfg = Debug|Win32
		{3E7C51C8-2615-F844-45BB-5675BF3BE11F}.DLL Release|Win32.ActiveCfg = Release|Win32
		{3E7C51C8-2615-F844-45BB-5675BF3BE11F}.DLL Release|Win32.Build.0 = Release|Win32
		{3E7C51C8-2615-F844-45BB-5675BF3BE11F}.DLL Release|x64.ActiveCfg = Release|Win32
		{3E7C51C8-2615-F844-45BB-5675BF3BE11F}.LIB Debug|Win32.ActiveCfg = Debug|Win32
		{3E7C51C8-2615-F844-45BB-5675BF3BE11F}.LIB Debug|Win32.Build.0 = Debug|Win32
		{3E7C51C8-2615-F844-45BB-5675BF3BE11F}.LIB Debug|x64.ActiveCfg = Debug|Win32
		{3E7C51C8-2615-F844-45BB-5675BF3BE11F}.LIB Release|Win32.ActiveCfg = Release|Win32
		{3E7C51C8-2615-F844-45BB-5675BF3BE11F}.LIB Release|Win32.Build.0 = Release|Win32
		{3E7C51C8-2615-F844-45BB-5675BF3BE11F}.LIB Release|x64.ActiveCfg = Release|Win32
		{3E7C51C8-2615-F844-45BB-5675BF3BE11F}.Release|Win32.ActiveCfg = Release|Win32
		{3E7C51C8-2615-F844-45BB-5675BF3BE11F}.Release|Win32.Build.0 = Release|Win32
		{3E7C51C8-2615-F844-45BB-5675BF3BE11F}.Release|x64.ActiveCfg = Release|Win32
		{8A5CFC3B-EF50-BB19-2D69-B80740A4C777}.Debug|Win32.ActiveCfg = Debug|Win32
		{8A5CFC3B-EF50-BB19-2D69-B80740A4C777}.Debug|Win32.Build.0 = Debug|Win32
		{8A5CFC3B-EF50-BB19-2D69-B80740A4C777}.Debug|x64.ActiveCfg = Debug|Win32
		{8A5CFC3B-EF50-BB19-2D69-B80740A4C777}.DLL Debug|Win32.ActiveCfg = Debug|Win32
		{8A5CFC3B-EF50-BB19-2D69-B80740A4C777}.DLL Debug|Win32.Build.0 = Debug|Win32
		{8A5CFC3B-EF50-BB19-2D69-B80740A4C777}.DLL Debug|x64.ActiveCfg = Debug|Win32
		{8A5CFC3B-EF50-BB19-2D69-B80740A4C777}.DLL Release|Win32.ActiveCfg = Release|Win32
		{8A5CFC3B-EF50-BB19-2D69-B80740A4C777}.DLL Release|Win32.Build.0 = Release|Win32
		{8A5CFC3B-EF50-BB19-2D69-B80740A4C777}.DLL Release|x64.ActiveCfg = Release|Win32
		{8A5CFC3B-EF50-BB19-2D69-B80740A4C777}.LIB Debug|Win32.ActiveCfg = Debug|Win32
		{8A5CFC3B-EF50-BB19-2D69-B80740A4C777}.LIB Debug|Win32.Build.0 = Debug|Win32
		{8A5CFC3B-EF50-BB19-2D69-B80740A4C777}.LIB Debug|x64.ActiveCfg = Debug|Win32
		{8A5CFC3B-EF50-BB19-2D69-B80740A4C777}.LIB Release|Win32.ActiveCfg = Release|Win32
		{8A5CFC3B-EF50-BB19-2D69-B80740A4C777}.LIB Release|Win32.Build.0 = Release|Win32
		{8A5CFC3B-EF50-BB19-2D69-B80740A4C777}.LIB Release|x64.ActiveCfg = Release|Win32
		{8A5CFC3B-EF50-BB19-2D69-B80740A4C777}.Release|Win32.ActiveCfg = Release|Win32
		{8A5CFC3B-EF50-BB19-2D69-B80740A4C777}.Release|Win32.Build.0 = Release|Win32
		{8A5CFC3B-EF50-BB19-2D69-B80740A4C777}.Release|x64.ActiveCfg = Release|Win32
		{E42591A3-5BA1-890A-BCD4-941B345012F7}.Debug|Win32.ActiveCfg = Debug|Win32
		{E42591A3-5BA1-890A-BCD4-941B345012F7}.Debug|Win32.Build.0 = Debug|Win32
		{E42591A3-5BA1-890A-BCD4-941B345012F7}.Debug|x64.ActiveCfg = Debug|Win32
		{E42591A3-5BA1-890A-BCD4-941B345012F7}.DLL Debug|Win32.ActiveCfg = Debug|Win32
		{E42591A3-5BA1-890A-BCD4-941B345012F7}.DLL Debug|Win32.Build.0 = Debug|Win32
		{E42591A3-5BA1-890A-BCD4-941B345012F7}.DLL Debug|x64.ActiveCfg = Debug|Win32
		{E42591A3-5BA1-890A-BCD4-941B345012F7}.DLL Release|Win32.ActiveCfg = Release|Win32
		{E42591A3-5BA1-890A-BCD4-941B345012F7}.DLL Release|Win32.Build.0 = Release|Win32
		{E42591A3-5BA1-890A-BCD4-941B345012F7}.DLL Release|x64.ActiveCfg = Release|Win32
		{E42591A3-5BA1-890A-BCD4-941B345012F7}.LIB Debug|Win32.ActiveCfg = Debug|Win32
		{E42591A3-5BA1-890A-BCD4-941B345012F7}.LIB Debug|Win32.Build.0 = Debug|Win32
		{E42591A3-5BA1-890A-BCD4-941B345012F7}.LIB Debug|x64.ActiveCfg = Debug|Win32
		{E42591A3-5BA1-890A-BCD4-941B345012F7}.LIB Release|Win32.ActiveCfg = Release|Win32
		{E42591A3-5BA1-890A-BCD4-941B345012F7}.LIB Release|Win32.Build.0 = Release|Win32
		{E42591A3-5BA1-890A-BCD4-941B345012F7}.LIB Release|x64.ActiveCfg = Release|Win32
		{E42591A3-5BA1-890A-BCD4-941B345012F7}.Release|Win32.ActiveCfg = Release|Win32
		{E42591A3-5BA1-890A-BCD4-941B345012F7}.Release|Win32.Build.0 = Release|Win32
		{E42591A3-5BA1-890A-BCD4-941B345012F7}.Release|x64.ActiveCfg = Release|Win32
		{3FED74A6-2F71-33CE-A734-80AA2C1B05D3}.Debug|Win32.ActiveCfg = Debug|Win32
		{3FED74A6-2F71-33CE-A734-80AA2C1B05D3}.Debug|Win32.Build.0 = Debug|Win32
		{3FED74A6-2F71-33CE-A734-80AA2C1B05D3}.Debug|x64.ActiveCfg = Debug|Win32
		{3FED74A6-2F71-33CE-A734-80AA2C1B05D3}.DLL Debug|Win32.ActiveCfg = Debug|Win32
		{3FED74A6-2F71-33CE-A734-80AA2C1B05D3}.DLL Debug|Win32.Build.0 = Debug|Win32
		{3FED74A6-2F71-33CE-A734-80AA2C1B05D3}.DLL Debug|x64.ActiveCfg = Debug|Win32
		{3FED74A6-2F71-33CE-A734-80AA2C1B05D3}.DLL Release|Win32.ActiveCfg = Release|Win32
		{3FED74A6-2F71-33CE-A734-80AA2C1B05D3}.DLL Release|Win32.Build.0 = Release|Win32
		{3FED74A6-2F71-33CE-A734-80AA2C1B05D3}.DLL Release|x64.ActiveCfg = Release|Win32
		{3FED74A6-2F71-33CE-A734-80AA2C1B05D3}.LIB Debug|Win32.ActiveCfg = Debug|Win32
		{3FED74A6-2F71-33CE-A734-80AA2C1B05D3}.LIB Debug|Win32.Build.0 = Debug|Win32
		{3FED74A6-2F71-33CE-A734-80AA2C1B05D3}.LIB Debug|x64.ActiveCfg = Debug|Win32
		{3FED74A6-2F71-33CE-A734-80AA2C1B05D3}.LIB Release|Win32.ActiveCfg = Release|Win32
		{3FED74A6-2F71-33CE-A734-80AA2C1B05D3}.LIB Release|Win32.Build.0 = Release|Win32
		{3FED74A6-2F71-33CE-A734-80AA2C1B05D3}.LIB Release|x64.ActiveCfg = Release|Win32
		{3FED74A6-2F71-33CE-A734-80AA2C1B05D3}.Release|Win32.ActiveCfg = Release|Win32
		{3FED74A6-2F71-33CE-A734-80AA2C1B05D3}.Release|Win32.Build.0 = Release|Win32
		{3FED74A6-2F71-33CE-A734-80AA2C1B05D3}.Release|x64.ActiveCfg = Release|Win32
		{C5075EDC-A10F-48E1-9057-3967F67EC9A1}.Debug|Win32.ActiveCfg = Debug|Win32
		{C5075EDC-A10F-48E1-9057-3967F67EC9A1}.Debug|Win32.Build.0 = Debug|Win32
		{C5075EDC-A10F-48E1-9057-3967F67EC9A1}.Debug|x64.ActiveCfg = Debug|Win32
		{C5075EDC-A10F-48E1-9057-3967F67EC9A1}.DLL Debug|Win32.ActiveCfg = Debug|Win32
		{C5075EDC-A10F-48E1-9057-3967F67EC9A1}.DLL Debug|Win32.Build.0 = Debug|Win32
		{C5075EDC-A10F-48E1-9057-3967F67EC9A1}.DLL Debug|x64.ActiveCfg = Debug|Win32
		{C5075EDC-A10F-48E1-9057-3967F67EC9A1}.DLL Release|Win32.ActiveCfg = Release|Win32
		{C5075EDC-A10F-48E1-9057-3967F67EC9A1}.DLL Release|Win32.Build.0 = Release|Win32
		{C5075EDC-A10F-48E1-9057-3967F67EC9A1}.DLL Release|x64.ActiveCfg = Release|Win32
		{C5075EDC-A10F-48E1-9057-3967F67EC9A1}.LIB Debug|Win32.ActiveCfg = Debug|Win32
		{C5075EDC-A10F-48E1-9057-3967F67EC9A1}.LIB Debug|Win32.Build.0 = Debug|Win32
		{C5075EDC-A10F-48E1-9057-3967F67EC9A1}.LIB Debug|x64.ActiveCfg = Debug|Win32
		{C5075EDC-A10F-48E1-9057-3967F67EC9A1}.LIB Release|Win32.ActiveCfg = Release|Win32
		{C5075EDC-A10F-48E1-9057-3967F67EC9A1}.LIB Release|Win32.Build.0 = Release|Win32
		{C5075EDC-A10F-48E1-9057-3967F67EC9A1}.LIB Release|x64.ActiveCfg = Release|Win32
		{C5075EDC-A10F-48E1-9057-3967F67EC9A1}.Release|Win32.ActiveCfg = Release|Win32
		{C5075EDC-A10F-48E1-9057-3967F67EC9A1}.Release|Win32.Build.0 = Release|Win32
		{C5075EDC-A10F-48E1-9057-3967F67EC9A1}.Release|x64.ActiveCfg = Release|Win32
		{AA8E18A2-98D2-3873-6F2D-E71BC03422F5}.Debug|Win32.ActiveCfg = Debug|Win32
		{AA8E18A2-98D2-3873-6F2D-E71BC03422F5}.Debug|Win32.Build.0 = Debug|Win32
		{AA8E18A2-98D2-3873-6F2D-E71BC03422F5}.Debug|x64.ActiveCfg = Debug|Win32
		{AA8E18A2-98D2-3873-6F2D-E71BC03422F5}.DLL Debug|Win32.ActiveCfg = Debug|Win32
		{AA8E18A2-98D2-3873-6F2D-E71BC03422F5}.DLL Debug|Win32.Build.0 = Debug|Win32
		{AA8E18A2-98D2-3873-6F2D-E71BC03422F5}.DLL Debug|x64.ActiveCfg = Debug|Win32
		{AA8E18A2-98D2-3873-6F2D-E71BC03422F5}.DLL Release|Win32.ActiveCfg = Release|Win32
		{AA8E18A2-98D2-3873-6F2D-E71BC03422F5}.DLL Release|Win32.Build.0 = Release|Win32
		{AA8E18A2-98D2-3873-6F2D-E71BC03422F5}.DLL Release|x64.ActiveCfg = Release|Win32
		{AA8E18A2-98D2-3873-6F2D-E71BC03422F5}.LIB Debug|Win32.ActiveCfg = Debug|Win32
		{AA8E18A2-98D2-3873-6F2D-E71BC03422F5}.LIB Debug|Win32.Build.0 = Debug|Win32
		{AA8E18A2-98D2-3873-6F2D-E71BC03422F5}.LIB Debug|x64.ActiveCfg = Debug|Win32
		{AA8E18A2-98D2-3873-6F2D-E71BC03422F5}.LIB Release|Win32.ActiveCfg = Release|Win32
		{AA8E18A2-98D2-3873-6F2D-E71BC03422F5}.LIB Release|Win32.Build.0 = Release|Win32
		{AA8E18A2-98D2-3873-6F2D-E71BC03422F5}.LIB Release|x64.ActiveCfg = Release|Win32
		{AA8E18A2-98D2-3873-6F2D-E71BC03422F5}.Release|Win32.ActiveCfg = Release|Win32
		{AA8E18A2-98D2-3873-6F2D-E71BC03422F5}.Release|Win32.Build.0 = Release|Win32
		{AA8E18A2-98D2-3873-6F2D-E71BC03422F5}.Release|x64.ActiveCfg = Release|Win32
		{8B5730E6-8625-AC30-AD1F-F27A541E8096}.Debug|Win32.ActiveCfg = Debug|Win32
		{8B5730E6-8625-AC30-AD1F-F27A541E8096}.Debug|Win32.Build.0 = Debug|Win32
		{8B5730E6-8625-AC30-AD1F-F27A541E8096}.Debug|x64.ActiveCfg = Debug|Win32
		{8B5730E6-8625-AC30-AD1F-F27A541E8096}.DLL Debug|Win32.ActiveCfg = Debug|Win32
		{8B5730E6-8625-AC30-AD1F-F27A541E8096}.DLL Debug|Win32.Build.0 = Debug|Win32
		{8B5730E6-8625-AC30-AD1F-F27A541E8096}.DLL Debug|x64.ActiveCfg = Debug|Win32
		{8B5730E6-8625-AC30-AD1F-F27A541E8096}.DLL Release|Win32.ActiveCfg = Release|Win32
		{8B5730E6-8625-AC30-AD1F-F27A541E8096}.DLL Release|Win32.Build.0 = Release|Win32
		{8B5730E6-8625-AC30-AD1F-F27A541E8096}.DLL Release|x64.ActiveCfg = Release|Win32
		{8B5730E6-8625-AC30-AD1F-F27A541E8096}.LIB Debug|Win32.ActiveCfg = Debug|Win32
		{8B5730E6-8625-AC30-AD1F-F27A541E8096}.LIB Debug|Win32.Build.0 = Debug|Win32
		{8B5730E6-8625-AC30-AD1F-F27A541E8096}.LIB Debug|x64.ActiveCfg = Debug|Win32
		{8B5730E6-8625-AC30-AD1F-F27A541E8096}.LIB Release|Win32.ActiveCfg = Release|Win32
		{8B5730E6-8625-AC30-AD1F-F27A541E8096}.LIB Release|Win32.Build.0 = Release|Win32
		{8B5730E6-8625-AC30-AD1F-F27A541E8096}.LIB Release|x64.ActiveCfg = Release|Win32
		{8B5730E6-8625-AC30-AD1F-F27A541E8096}.Release|Win32.ActiveCfg = Release|Win32
		{8B5730E6-8625-AC30-AD1F-F27A541E8096}.Release|Win32.Build.0 = Release|Win32
		{8B5730E6-8625-AC30-AD1F-F27A541E8096}.Release|x64.ActiveCfg = Release|Win32
		{AF235369-D4FC-C42B-F210-ED1A35CF089E}.Debug|Win32.ActiveCfg = Debug|Win32
		{AF235369-D4FC-C42B-F210-ED1A35CF089E}.Debug|Win32.Build.0 = Debug|Win32
		{AF235369-D4FC-C42B-F210-ED1A35CF089E}.Debug|x64.ActiveCfg = Debug|Win32
		{AF235369-D4FC-C42B-F210-ED1A35CF089E}.DLL Debug|Win32.ActiveCfg = Debug|Win32
		{AF235369-D4FC-C42B-F210-ED1A35CF089E}.DLL Debug|Win32.Build.0 = Debug|Win32
		{AF235369-D4FC-C42B-F210-ED1A35CF089E}.DLL Debug|x64.ActiveCfg = Debug|Win32
		{AF235369-D4FC-C42B-F210-ED1A35CF089E}.DLL Release|Win32.ActiveCfg = Release|Win32
		{AF235369-D4FC-C42B-F210-ED1A35CF089E}.DLL Release|Win32.Build.0 = Release|Win32
		{AF235369-D4FC-C42B-F210-ED1A35CF089E}.DLL Release|x64.ActiveCfg = Release|Win32
		{AF235369-D4FC-C42B-F210-ED1A35CF089E}.LIB Debug|Win32.ActiveCfg = Debug|Win32
		{AF235369-D4FC-C42B-F210-ED1A35CF089E}.LIB Debug|Win32.Build.0 = Debug|Win32
		{AF235369-D4FC-C42B-F210-ED1A35CF089E}.LIB Debug|x64.ActiveCfg = Debug|Win32
		{AF235369-D4FC-C42B-F210-ED1A35CF089E}.LIB Release|Win32.ActiveCfg = Release|Win32
		{AF235369-D4FC-C42B-F210-ED1A35CF089E}.LIB Release|Win32.Build.0 = Release|Win32
		{AF235369-D4FC-C42B-F210-ED1A35CF089E}.LIB Release|x64.ActiveCfg = Release|Win32
		{AF235369-D4FC-C42B-F210-ED1A35CF089E}.Release|Win32.ActiveCfg = Release|Win32
		{AF235369-D4FC-C42B-F210-ED1A35CF089E}.Release|Win32.Build.0 = Release|Win32
		{AF235369-D4FC-C42B-F210-ED1A35CF089E}.Release|x64.ActiveCfg = Release|Win32
		{EEABDAC4-410B-EE28-8B94-8F9F6D5ECEC0}.Debug|Win32.ActiveCfg = Debug|Win32
		{EEABDAC4-410B-EE28-8B94-8F9F6D5ECEC0}.Debug|Win32.Build.0 = Debug|Win32
		{EEABDAC4-410B-EE28-8B94-8F9F6D5ECEC0}.Debug|x64.ActiveCfg = Debug|Win32
		{EEABDAC4-410B-EE28-8B94-8F9F6D5ECEC0}.DLL Debug|Win32.ActiveCfg = Debug|Win32
		{EEABDAC4-410B-EE28-8B94-8F9F6D5ECEC0}.DLL Debug|Win32.Build.0 = Debug|Win32
		{EEABDAC4-410B-EE28-8B94-8F9F6D5ECEC0}.DLL Debug|x64.ActiveCfg = Debug|Win32
		{EEABDAC4-410B-EE28-8B94-8F9F6D5ECEC0}.DLL Release|Win32.ActiveCfg = Release|Win32
		{EEABDAC4-410B-EE28-8B94-8F9F6D5ECEC0}.DLL Release|Win32.Build.0 = Release|Win32
		{EEABDAC4-410B-EE28-8B94-8F9F6D5ECEC0}.DLL Release|x64.ActiveCfg = Release|Win32
		{EEABDAC4-410B-EE28-8B94-8F9F6D5ECEC0}.LIB Debug|Win32.ActiveCfg = Debug|Win32
		{EEABDAC4-410B-EE28-8B94-8F9F6D5ECEC0}.LIB Debug|Win32.Build.0 = Debug|Win32
		{EEABDAC4-410B-EE28-8B94-8F9F6D5ECEC0}.LIB Debug|x64.ActiveCfg = Debug|Win32
		{EEABDAC4-410B-EE28-8B94-8F9F6D5ECEC0}.LIB Release|Win32.ActiveCfg = Release|Win32
		{EEABDAC4-410B-EE28-8B94-8F9F6D5ECEC0}.LIB Release|Win32.Build.0 = Release|Win32
		{EEABDAC4-410B-EE28-8B94-8F9F6D5ECEC0}.LIB Release|x64.ActiveCfg = Release|Win32
		{EEABDAC4-410B-EE28-8B94-8F9F6D5ECEC0}.Release|Win32.ActiveCfg = Release|Win32
		{EEABDAC4-410B-EE28-8B94-8F9F6D5ECEC0}.Release|Win32.Build.0 = Release|Win32
		{EEABDAC4-410B-EE28-8B94-8F9F6D5ECEC0}.Release|x64.ActiveCfg = Release|Win32
		{A3302B05-DBD9-B93A-13C5-0F6A2F01217F}.Debug|Win32.ActiveCfg = Debug|Win32
		{A3302B05-DBD9-B93A-13C5-0F6A2F01217F}.Debug|Win32.Build.0 = Debug|Win32
		{A3302B05-DBD9-B93A-13C5-0F6A2F01217F}.Debug|x64.ActiveCfg = Debug|Win32
		{A3302B05-DBD9-B93A-13C5-0F6A2F01217F}.DLL Debug|Win32.ActiveCfg = Debug|Win32
		{A3302B05-DBD9-B93A-13C5-0F6A2F01217F}.DLL Debug|Win32.Build.0 = Debug|Win32
		{A3302B05-DBD9-B93A-13C5-0F6A2F01217F}.DLL Debug|x64.ActiveCfg = Debug|Win32
		{A3302B05-DBD9-B93A-13C5-0F6A2F01217F}.DLL Release|Win32.ActiveCfg = Release|Win32
		{A3302B05-DBD9-B93A-13C5-0F6A2F01217F}.DLL Release|Win32.Build.0 = Release|Win32
		{A3302B05-DBD9-B93A-13C5-0F6A2F01217F}.DLL Release|x64.ActiveCfg = Release|Win32
		{A3302B05-DBD9-B93A-13C5-0F6A2F01217F}.LIB Debug|Win32.ActiveCfg = Debug|Win32
		{A3302B05-DBD9-B93A-13C5-0F6A2F01217F}.LIB Debug|Win32.Build.0 = Debug|Win32
		{A3302B05-DBD9-B93A-13C5-0F6A2F01217F}.LIB Debug|x64.ActiveCfg = Debug|Win32
		{A3302B05-DBD9-B93A-13C5-0F6A2F01217F}.LIB Release|Win32.ActiveCfg = Release|Win32
		{A3302B05-DBD9-B93A-13C5-0F6A2F01217F}.LIB Release|Win32.Build.0 = Release|Win32
		{A3302B05-DBD9-B93A-13C5-0F6A2F01217F}.LIB Release|x64.ActiveCfg = Release|Win32
		{A3302B05-DBD9-B93A-13C5-0F6A2F01217F}.Release|Win32.ActiveCfg = Release|Win32
		{A3302B05-DBD9-B93A-13C5-0F6A2F01217F}.Release|Win32.Build.0 = Release|Win32
		{A3302B05-DBD9-B93A-13C5-0F6A2F01217F}.Release|x64.ActiveCfg = Release|Win32
		{8423AF0D-4B88-4EBF-94E1-E4D00D00E21C}.Debug|Win32.ActiveCfg = Debug|Win32
		{8423AF0D-4B88-4EBF-94E1-E4D00D00E21C}.Debug|Win32.Build.0 = Debug|Win32
		{8423AF0D-4B88-4EBF-94E1-E4D00D00E21C}.Debug|x64.ActiveCfg = Debug|Win32
		{8423AF0D-4B88-4EBF-94E1-E4D00D00E21C}.DLL Debug|Win32.ActiveCfg = Debug|Win32
		{8423AF0D-4B88-4EBF-94E1-E4D00D00E21C}.DLL Debug|Win32.Build.0 = Debug|Win32
		{8423AF0D-4B88-4EBF-94E1-E4D00D00E21C}.DLL Debug|x64.ActiveCfg = Debug|Win32
		{8423AF0D-4B88-4EBF-94E1-E4D00D00E21C}.DLL Release|Win32.ActiveCfg = Release|Win32
		{8423AF0D-4B88-4EBF-94E1-E4D00D00E21C}.DLL Release|Win32.Build.0 = Release|Win32
		{8423AF0D-4B88-4EBF-94E1-E4D00D00E21C}.DLL Release|x64.ActiveCfg = Release|Win32
		{8423AF0D-4B88-4EBF-94E1-E4D00D00E21C}.LIB Debug|Win32.ActiveCfg = Debug|Win32
		{8423AF0D-4B88-4EBF-94E1-E4D00D00E21C}.LIB Debug|Win32.Build.0 = Debug|Win32
		{8423AF0D-4B88-4EBF-94E1-E4D00D00E21C}.LIB Debug|x64.ActiveCfg = Debug|Win32
		{8423AF0D-4B88-4EBF-94E1-E4D00D00E21C}.LIB Release|Win32.ActiveCfg = Release|Win32
		{8423AF0D-4B88-4EBF-94E1-E4D00D00E21C}.LIB Release|Win32.Build.0 = Release|Win32
		{8423AF0D-4B88-4EBF-94E1-E4D00D00E21C}.LIB Release|x64.ActiveCfg = Release|Win32
		{8423AF0D-4B88-4EBF-94E1-E4D00D00E21C}.Release|Win32.ActiveCfg = Release|Win32
		{8423AF0D-4B88-4EBF-94E1-E4D00D00E21C}.Release|Win32.Build.0 = Release|Win32
		{8423AF0D-4B88-4EBF-94E1-E4D00D00E21C}.Release|x64.ActiveCfg = Release|Win32
		{DB7FC97A-75DB-416D-81D9-EDE1E7D05E23}.Debug|Win32.ActiveCfg = Debug|Win32
		{DB7FC97A-75DB-416D-81D9-EDE1E7D05E23}.Debug|Win32.Build.0 = Debug|Win32
		{DB7FC97A-75DB-416D-81D9-EDE1E7D05E23}.Debug|x64.ActiveCfg = Debug|Win32
		{DB7FC97A-75DB-416D-81D9-EDE1E7D05E23}.DLL Debug|Win32.ActiveCfg = Debug|Win32
		{DB7FC97A-75DB-416D-81D9-EDE1E7D05E23}.DLL Debug|Win32.Build.0 = Debug|Win32
		{DB7FC97A-75DB-416D-81D9-EDE1E7D05E23}.DLL Debug|x64.ActiveCfg = Debug|Win32
		{DB7FC97A-75DB-416D-81D9-EDE1E7D05E23}.DLL Release|Win32.ActiveCfg = Release|Win32
		{DB7FC97A-75DB-416D-81D9-EDE1E7D05E23}.DLL Release|Win32.Build.0 = Release|Win32
		{DB7FC97A-75DB-416D-81D9-EDE1E7D05E23}.DLL Release|x64.ActiveCfg = Release|Win32
		{DB7FC97A-75DB-416D-81D9-EDE1E7D05E23}.LIB Debug|Win32.ActiveCfg = Debug|Win32
		{DB7FC97A-75DB-416D-81D9-EDE1E7D05E23}.LIB Debug|Win32.Build.0 = Debug|Win32
		{DB7FC97A-75DB-416D-81D9-EDE1E7D05E23}.LIB Debug|x64.ActiveCfg = Debug|Win32
		{DB7FC97A-75DB-416D-81D9-EDE1E7D05E23}.LIB Release|Win32.ActiveCfg = Release|Win32
		{DB7FC97A-75DB-416D-81D9-EDE1E7D05E23}.LIB Release|Win32.Build.0 = Release|Win32
		{DB7FC97A-75DB-416D-81D9-EDE1E7D05E23}.LIB Release|x64.ActiveCfg = Release|Win32
		{DB7FC97A-75DB-416D-81D9-EDE1E7D05E23}.Release|Win32.ActiveCfg = Release|Win32
		{DB7FC97A-75DB-416D-81D9-EDE1E7D05E23}.Release|Win32.Build.0 = Release|Win32
		{DB7FC97A-75DB-416D-81D9-EDE1E7D05E23}.Release|x64.ActiveCfg = Release|Win32
	EndGlobalSection
	GlobalSection(SolutionProperties) = preSolution
		HideSolutionNode = FALSE
	EndGlobalSection
	GlobalSection(NestedProjects) = preSolution
		{1832A374-8A74-4F9E-B536-69A699B3E165} = {E9F8862F-DBA1-F931-DDF6-47BCF036F56E}
		{4D2BC45D-F97B-003C-C1C2-AD51D5DDEB28} = {E9F8862F-DBA1-F931-DDF6-47BCF036F56E}
		{D4C040F1-409A-A6D3-3D5C-3AC051630EFA} = {E9F8862F-DBA1-F931-DDF6-47BCF036F56E}
		{F137EE80-A1CD-BCB2-8C22-4A835DF07334} = {E9F8862F-DBA1-F931-DDF6-47BCF036F56E}
		{73031845-BA75-63CC-CC05-C6D35FAC508A} = {E9F8862F-DBA1-F931-DDF6-47BCF036F56E}
		{F71C5891-8741-A0A3-250F-CFE46651FBE9} = {E9F8862F-DBA1-F931-DDF6-47BCF036F56E}
		{238CE175-76CE-4A25-A676-69D115885601} = {E9F8862F-DBA1-F931-DDF6-47BCF036F56E}
		{F79E7D3B-D720-FAD6-B094-5B4BEC86516E} = {E9F8862F-DBA1-F931-DDF6-47BCF036F56E}
		{C564F145-9172-42C3-BFCB-6014CA97DBCD} = {E9F8862F-DBA1-F931-DDF6-47BCF036F56E}
		{9B6FAEE0-4CFD-8942-397F-500C5408D1AA} = {E9F8862F-DBA1-F931-DDF6-47BCF036F56E}
		{46768FBC-80F7-BC4B-9F4F-F2C65C911DD5} = {E9F8862F-DBA1-F931-DDF6-47BCF036F56E}
		{159CFADD-0EA6-A611-47DB-C64EAFF0CE28} = {E9F8862F-DBA1-F931-DDF6-47BCF036F56E}
		{287D3DF7-9904-C545-E468-982A98D76E98} = {E9F8862F-DBA1-F931-DDF6-47BCF036F56E}
		{CF57CCE4-86D1-99B1-4D0C-D40BC852CB0B} = {E9F8862F-DBA1-F931-DDF6-47BCF036F56E}
		{CD5F3992-1C10-96CE-6223-684F640CEC30} = {E9F8862F-DBA1-F931-DDF6-47BCF036F56E}
		{3E7C51C8-2615-F844-45BB-5675BF3BE11F} = {E9F8862F-DBA1-F931-DDF6-47BCF036F56E}
		{8A5CFC3B-EF50-BB19-2D69-B80740A4C777} = {E9F8862F-DBA1-F931-DDF6-47BCF036F56E}
		{E42591A3-5BA1-890A-BCD4-941B345012F7} = {E9F8862F-DBA1-F931-DDF6-47BCF036F56E}
		{3FED74A6-2F71-33CE-A734-80AA2C1B05D3} = {E9F8862F-DBA1-F931-DDF6-47BCF036F56E}
		{C5075EDC-A10F-48E1-9057-3967F67EC9A1} = {E9F8862F-DBA1-F931-DDF6-47BCF036F56E}
		{AA8E18A2-98D2-3873-6F2D-E71BC03422F5} = {E9F8862F-DBA1-F931-DDF6-47BCF036F56E}
		{8B5730E6-8625-AC30-AD1F-F27A541E8096} = {E9F8862F-DBA1-F931-DDF6-47BCF036F56E}
		{AF235369-D4FC-C42B-F210-ED1A35CF089E} = {E9F8862F-DBA1-F931-DDF6-47BCF036F56E}
		{EEABDAC4-410B-EE28-8B94-8F9F6D5ECEC0} = {E9F8862F-DBA1-F931-DDF6-47BCF036F56E}
		{A3302B05-DBD9-B93A-13C5-0F6A2F01217F} = {E9F8862F-DBA1-F931-DDF6-47BCF036F56E}
		{8423AF0D-4B88-4EBF-94E1-E4D00D00E21C} = {E9F8862F-DBA1-F931-DDF6-47BCF036F56E}
	EndGlobalSection
EndGlobal
