<?xml version="1.0" encoding="utf-8"?>
<Project ToolsVersion="4.0" xmlns="http://schemas.microsoft.com/developer/msbuild/2003">
  <ItemGroup>
    <Filter Include="Source Files">
      <UniqueIdentifier>{4FC737F1-C7A5-4376-A066-2A32D752A2FF}</UniqueIdentifier>
      <Extensions>h;cpp;c;cc;cxx;def;odl;idl;hpj;bat;asm;asmx</Extensions>
    </Filter>
    <Filter Include="Resource Files">
      <UniqueIdentifier>{67DA6AB6-F800-4c08-8B7A-83BB121AAD01}</UniqueIdentifier>
      <Extensions>rc;ico;cur;bmp;dlg;rc2;rct;bin;rgs;gif;jpg;jpeg;jpe;resx;tiff;tif;png;wav;mfcribbon-ms</Extensions>
    </Filter>
    <Filter Include="Generated Files">
      <UniqueIdentifier>{cb31b58e-ac58-472f-af6a-da20479c1cb9}</UniqueIdentifier>
      <SourceControlFiles>False</SourceControlFiles>
    </Filter>
    <Filter Include="Third-Party">
      <UniqueIdentifier>{63871e68-f83d-4a6c-81c3-2306293785f9}</UniqueIdentifier>
    </Filter>
    <Filter Include="Third-Party\JsonCpp">
      <UniqueIdentifier>{390c28c2-fe89-4de7-85d4-b74396448da4}</UniqueIdentifier>
    </Filter>
  </ItemGroup>
  <ItemGroup>
    <ClCompile Include="xdlldata.c">
      <Filter>Source Files</Filter>
    </ClCompile>
    <ClCompile Include="wptbho_i.c">
      <Filter>Generated Files</Filter>
    </ClCompile>
    <ClCompile Include="wpt_interface.cc">
      <Filter>Source Files</Filter>
    </ClCompile>
    <ClCompile Include="dllmain.cc">
      <Filter>Source Files</Filter>
    </ClCompile>
    <ClCompile Include="stdafx.cc">
      <Filter>Source Files</Filter>
    </ClCompile>
    <ClCompile Include="wpt.cc">
      <Filter>Source Files</Filter>
    </ClCompile>
    <ClCompile Include="wptbho.cc">
      <Filter>Source Files</Filter>
    </ClCompile>
    <ClCompile Include="wpt_task.cc">
      <Filter>Source Files</Filter>
    </ClCompile>
    <ClCompile Include="jsoncpp\json_reader.cpp">
      <Filter>Third-Party\JsonCpp</Filter>
    </ClCompile>
    <ClCompile Include="jsoncpp\json_value.cpp">
      <Filter>Third-Party\JsonCpp</Filter>
    </ClCompile>
    <ClCompile Include="jsoncpp\json_writer.cpp">
      <Filter>Third-Party\JsonCpp</Filter>
    </ClCompile>
  </ItemGroup>
  <ItemGroup>
    <ClInclude Include="wptbho_i.h">
      <Filter>Generated Files</Filter>
    </ClInclude>
    <ClInclude Include="jsoncpp\json\autolink.h">
      <Filter>Third-Party\JsonCpp</Filter>
    </ClInclude>
    <ClInclude Include="jsoncpp\json\config.h">
      <Filter>Third-Party\JsonCpp</Filter>
    </ClInclude>
    <ClInclude Include="jsoncpp\json\features.h">
      <Filter>Third-Party\JsonCpp</Filter>
    </ClInclude>
    <ClInclude Include="jsoncpp\json\forwards.h">
      <Filter>Third-Party\JsonCpp</Filter>
    </ClInclude>
    <ClInclude Include="jsoncpp\json\json.h">
      <Filter>Third-Party\JsonCpp</Filter>
    </ClInclude>
    <ClInclude Include="jsoncpp\json\reader.h">
      <Filter>Third-Party\JsonCpp</Filter>
    </ClInclude>
    <ClInclude Include="jsoncpp\json\value.h">
      <Filter>Third-Party\JsonCpp</Filter>
    </ClInclude>
    <ClInclude Include="jsoncpp\json\writer.h">
      <Filter>Third-Party\JsonCpp</Filter>
    </ClInclude>
    <ClInclude Include="dllmain.h">
      <Filter>Source Files</Filter>
    </ClInclude>
    <ClInclude Include="xdlldata.h">
      <Filter>Source Files</Filter>
    </ClInclude>
    <ClInclude Include="Resource.h">
      <Filter>Source Files</Filter>
    </ClInclude>
    <ClInclude Include="stdafx.h">
      <Filter>Source Files</Filter>
    </ClInclude>
    <ClInclude Include="targetver.h">
      <Filter>Source Files</Filter>
    </ClInclude>
    <ClInclude Include="wpt.h">
      <Filter>Source Files</Filter>
    </ClInclude>
    <ClInclude Include="wpt_interface.h">
      <Filter>Source Files</Filter>
    </ClInclude>
    <ClInclude Include="wpt_task.h">
      <Filter>Source Files</Filter>
    </ClInclude>
    <ClInclude Include="wptbho.h">
      <Filter>Source Files</Filter>
    </ClInclude>
  </ItemGroup>
  <ItemGroup>
    <ResourceCompile Include="wptbho.rc">
      <Filter>Resource Files</Filter>
    </ResourceCompile>
  </ItemGroup>
  <ItemGroup>
    <None Include="wptbho.rgs">
      <Filter>Resource Files</Filter>
    </None>
    <None Include="wptbho.def">
      <Filter>Source Files</Filter>
    </None>
  </ItemGroup>
  <ItemGroup>
    <Midl Include="wptbho.idl">
      <Filter>Source Files</Filter>
    </Midl>
  </ItemGroup>
</Project>