<?xml version="1.0" encoding="utf-8"?>
<Project ToolsVersion="4.0" xmlns="http://schemas.microsoft.com/developer/msbuild/2003">
  <ItemGroup>
    <Filter Include="contrib">
      <UniqueIdentifier>{3b113fbb-9b0b-4f2b-ad44-1bc48edd13e4}</UniqueIdentifier>
    </Filter>
    <Filter Include="contrib\minizip">
      <UniqueIdentifier>{a41e3145-ed17-427d-9031-3757eb89d664}</UniqueIdentifier>
    </Filter>
  </ItemGroup>
  <ItemGroup>
    <ClCompile Include="contrib\minizip\ioapi.c">
      <Filter>contrib\minizip</Filter>
    </ClCompile>
    <ClCompile Include="contrib\minizip\iowin32.c">
      <Filter>contrib\minizip</Filter>
    </ClCompile>
    <ClCompile Include="contrib\minizip\unzip.c">
      <Filter>contrib\minizip</Filter>
    </ClCompile>
    <ClCompile Include="contrib\minizip\zip.c">
      <Filter>contrib\minizip</Filter>
    </ClCompile>
    <ClCompile Include="adler32.c" />
    <ClCompile Include="compress.c" />
    <ClCompile Include="crc32.c" />
    <ClCompile Include="deflate.c" />
    <ClCompile Include="gzio.c" />
    <ClCompile Include="infback.c" />
    <ClCompile Include="inffast.c" />
    <ClCompile Include="inflate.c" />
    <ClCompile Include="inftrees.c" />
    <ClCompile Include="trees.c" />
    <ClCompile Include="uncompr.c" />
    <ClCompile Include="zutil.c" />
  </ItemGroup>
  <ItemGroup>
    <ClInclude Include="contrib\minizip\ioapi.h">
      <Filter>contrib\minizip</Filter>
    </ClInclude>
    <ClInclude Include="contrib\minizip\iowin32.h">
      <Filter>contrib\minizip</Filter>
    </ClInclude>
    <ClInclude Include="contrib\minizip\unzip.h">
      <Filter>contrib\minizip</Filter>
    </ClInclude>
    <ClInclude Include="contrib\minizip\zip.h">
      <Filter>contrib\minizip</Filter>
    </ClInclude>
    <ClInclude Include="crc32.h" />
    <ClInclude Include="deflate.h" />
    <ClInclude Include="inffast.h" />
    <ClInclude Include="inffixed.h" />
    <ClInclude Include="inflate.h" />
    <ClInclude Include="inftrees.h" />
    <ClInclude Include="trees.h" />
    <ClInclude Include="zconf.h" />
    <ClInclude Include="zlib.h" />
    <ClInclude Include="zutil.h" />
  </ItemGroup>
  <ItemGroup>
    <None Include="zlib.gyp" />
  </ItemGroup>
</Project>