
Microsoft Visual Studio Solution File, Format Version 10.00
# Visual Studio 2008
Project("{8BC9CEB8-8B4A-11D0-8D11-00A0C91BC942}") = "cares", "vc6cares.vcproj", "{5555B887-A140-49F5-AD7E-C711C4FB0C95}"
EndProject
Global
	GlobalSection(SolutionConfigurationPlatforms) = preSolution
		DLL Debug|Win32 = DLL Debug|Win32
		DLL Release|Win32 = DLL Release|Win32
		LIB Debug|Win32 = LIB Debug|Win32
		LIB Release|Win32 = LIB Release|Win32
	EndGlobalSection
	GlobalSection(ProjectConfigurationPlatforms) = postSolution
		{5555B887-A140-49F5-AD7E-C711C4FB0C95}.DLL Debug|Win32.ActiveCfg = DLL Debug|Win32
		{5555B887-A140-49F5-AD7E-C711C4FB0C95}.DLL Debug|Win32.Build.0 = DLL Debug|Win32
		{5555B887-A140-49F5-AD7E-C711C4FB0C95}.DLL Release|Win32.ActiveCfg = DLL Release|Win32
		{5555B887-A140-49F5-AD7E-C711C4FB0C95}.DLL Release|Win32.Build.0 = DLL Release|Win32
		{5555B887-A140-49F5-AD7E-C711C4FB0C95}.LIB Debug|Win32.ActiveCfg = LIB Debug|Win32
		{5555B887-A140-49F5-AD7E-C711C4FB0C95}.LIB Debug|Win32.Build.0 = LIB Debug|Win32
		{5555B887-A140-49F5-AD7E-C711C4FB0C95}.LIB Release|Win32.ActiveCfg = LIB Release|Win32
		{5555B887-A140-49F5-AD7E-C711C4FB0C95}.LIB Release|Win32.Build.0 = LIB Release|Win32
	EndGlobalSection
	GlobalSection(SolutionProperties) = preSolution
		HideSolutionNode = FALSE
	EndGlobalSection
EndGlobal
